<?xml version="1.0" encoding="utf-8"?>
<Project ToolsVersion="4.0" xmlns="http://schemas.microsoft.com/developer/msbuild/2003">
  <ItemGroup>
    <FxCompile Include="DRGBPixelShader.hlsl">
      <Filter>Shader</Filter>
    </FxCompile>
    <FxCompile Include="DRGBGeometryShader.hlsl">
      <Filter>Shader</Filter>
    </FxCompile>
    <FxCompile Include="DRGBVertexShader.hlsl">
      <Filter>Shader</Filter>
    </FxCompile>
    <FxCompile Include="GeometryShader.hlsl">
      <Filter>Shader</Filter>
    </FxCompile>
    <FxCompile Include="LSPixelShader.hlsl">
      <Filter>Shader</Filter>
    </FxCompile>
    <FxCompile Include="LSVertexShader.hlsl">
      <Filter>Shader</Filter>
    </FxCompile>
    <FxCompile Include="PixelShader.hlsl">
      <Filter>Shader</Filter>
    </FxCompile>
    <FxCompile Include="SimplePS.hlsl">
      <Filter>Shader</Filter>
    </FxCompile>
    <FxCompile Include="SimpleVS.hlsl">
      <Filter>Shader</Filter>
    </FxCompile>
    <FxCompile Include="VertexShader.hlsl">
      <Filter>Shader</Filter>
    </FxCompile>
    <FxCompile Include="SkyVertexShader.hlsl">
      <Filter>Shader</Filter>
    </FxCompile>
    <FxCompile Include="SkyPixelShader.hlsl">
      <Filter>Shader</Filter>
    </FxCompile>
    <FxCompile Include="animatedEntityVertex.hlsl">
      <Filter>Skeleton</Filter>
    </FxCompile>
    <FxCompile Include="MulVertexShader.hlsl">
      <Filter>Shader</Filter>
    </FxCompile>
  </ItemGroup>
  <ItemGroup>
    <ClCompile Include="InputHandler.cpp" />
    <ClCompile Include="Sprite.cpp" />
    <ClCompile Include="BulletSDK\include\BulletCollision\CollisionDispatch\btActivatingCollisionAlgorithm.cpp">
      <Filter>Bullet SDK</Filter>
    </ClCompile>
    <ClCompile Include="BulletSDK\include\LinearMath\btAlignedAllocator.cpp">
      <Filter>Bullet SDK</Filter>
    </ClCompile>
    <ClCompile Include="BulletSDK\include\BulletCollision\BroadphaseCollision\btAxisSweep3.cpp">
      <Filter>Bullet SDK</Filter>
    </ClCompile>
    <ClCompile Include="BulletSDK\include\BulletDynamics\ConstraintSolver\btBatchedConstraints.cpp">
      <Filter>Bullet SDK</Filter>
    </ClCompile>
    <ClCompile Include="BulletSDK\include\BulletCollision\CollisionDispatch\btBox2dBox2dCollisionAlgorithm.cpp">
      <Filter>Bullet SDK</Filter>
    </ClCompile>
    <ClCompile Include="BulletSDK\include\BulletCollision\CollisionShapes\btBox2dShape.cpp">
      <Filter>Bullet SDK</Filter>
    </ClCompile>
    <ClCompile Include="BulletSDK\include\BulletCollision\CollisionDispatch\btBoxBoxCollisionAlgorithm.cpp">
      <Filter>Bullet SDK</Filter>
    </ClCompile>
    <ClCompile Include="BulletSDK\include\BulletCollision\CollisionDispatch\btBoxBoxDetector.cpp">
      <Filter>Bullet SDK</Filter>
    </ClCompile>
    <ClCompile Include="BulletSDK\include\BulletCollision\CollisionShapes\btBoxShape.cpp">
      <Filter>Bullet SDK</Filter>
    </ClCompile>
    <ClCompile Include="BulletSDK\include\BulletCollision\BroadphaseCollision\btBroadphaseProxy.cpp">
      <Filter>Bullet SDK</Filter>
    </ClCompile>
    <ClCompile Include="AnimatedModel.cpp">
      <Filter>Skeleton</Filter>
    </ClCompile>
    <ClCompile Include="Animation.cpp">
      <Filter>Skeleton</Filter>
    </ClCompile>
    <ClCompile Include="Animator.cpp">
      <Filter>Skeleton</Filter>
    </ClCompile>
    <ClCompile Include="BulletSDK\include\BulletCollision\CollisionShapes\btBvhTriangleMeshShape.cpp">
      <Filter>Bullet SDK</Filter>
    </ClCompile>
    <ClCompile Include="BulletSDK\include\BulletCollision\CollisionShapes\btCapsuleShape.cpp">
      <Filter>Bullet SDK</Filter>
    </ClCompile>
    <ClCompile Include="BulletSDK\include\BulletCollision\BroadphaseCollision\btCollisionAlgorithm.cpp">
      <Filter>Bullet SDK</Filter>
    </ClCompile>
    <ClCompile Include="BulletSDK\include\BulletCollision\CollisionDispatch\btCollisionDispatcher.cpp">
      <Filter>Bullet SDK</Filter>
    </ClCompile>
    <ClCompile Include="BulletSDK\include\BulletCollision\CollisionDispatch\btCollisionDispatcherMt.cpp">
      <Filter>Bullet SDK</Filter>
    </ClCompile>
    <ClCompile Include="BulletSDK\include\BulletCollision\CollisionDispatch\btCollisionObject.cpp">
      <Filter>Bullet SDK</Filter>
    </ClCompile>
    <ClCompile Include="BulletSDK\include\BulletCollision\CollisionShapes\btCollisionShape.cpp">
      <Filter>Bullet SDK</Filter>
    </ClCompile>
    <ClCompile Include="BulletSDK\include\BulletCollision\CollisionDispatch\btCollisionWorld.cpp">
      <Filter>Bullet SDK</Filter>
    </ClCompile>
    <ClCompile Include="BulletSDK\include\BulletCollision\CollisionDispatch\btCollisionWorldImporter.cpp">
      <Filter>Bullet SDK</Filter>
    </ClCompile>
    <ClCompile Include="BulletSDK\include\BulletCollision\CollisionDispatch\btCompoundCollisionAlgorithm.cpp">
      <Filter>Bullet SDK</Filter>
    </ClCompile>
    <ClCompile Include="BulletSDK\include\BulletCollision\CollisionDispatch\btCompoundCompoundCollisionAlgorithm.cpp">
      <Filter>Bullet SDK</Filter>
    </ClCompile>
    <ClCompile Include="BulletSDK\include\BulletCollision\CollisionShapes\btCompoundShape.cpp">
      <Filter>Bullet SDK</Filter>
    </ClCompile>
    <ClCompile Include="BulletSDK\include\BulletCollision\CollisionShapes\btConcaveShape.cpp">
      <Filter>Bullet SDK</Filter>
    </ClCompile>
    <ClCompile Include="BulletSDK\include\BulletCollision\CollisionShapes\btConeShape.cpp">
      <Filter>Bullet SDK</Filter>
    </ClCompile>
    <ClCompile Include="BulletSDK\include\BulletDynamics\ConstraintSolver\btConeTwistConstraint.cpp">
      <Filter>Bullet SDK</Filter>
    </ClCompile>
    <ClCompile Include="BulletSDK\include\BulletDynamics\ConstraintSolver\btContactConstraint.cpp">
      <Filter>Bullet SDK</Filter>
    </ClCompile>
    <ClCompile Include="BulletSDK\include\BulletCollision\Gimpact\btContactProcessing.cpp">
      <Filter>Bullet SDK</Filter>
    </ClCompile>
    <ClCompile Include="BulletSDK\include\BulletCollision\NarrowPhaseCollision\btContinuousConvexCollision.cpp">
      <Filter>Bullet SDK</Filter>
    </ClCompile>
    <ClCompile Include="BulletSDK\include\BulletCollision\CollisionDispatch\btConvex2dConvex2dAlgorithm.cpp">
      <Filter>Bullet SDK</Filter>
    </ClCompile>
    <ClCompile Include="BulletSDK\include\BulletCollision\CollisionShapes\btConvex2dShape.cpp">
      <Filter>Bullet SDK</Filter>
    </ClCompile>
    <ClCompile Include="BulletSDK\include\BulletCollision\NarrowPhaseCollision\btConvexCast.cpp">
      <Filter>Bullet SDK</Filter>
    </ClCompile>
    <ClCompile Include="Animal.cpp">
      <Filter>Source</Filter>
    </ClCompile>
    <ClCompile Include="BulletSDK\include\BulletCollision\CollisionDispatch\btConvexConcaveCollisionAlgorithm.cpp">
      <Filter>Bullet SDK</Filter>
    </ClCompile>
    <ClCompile Include="BulletSDK\include\BulletCollision\CollisionDispatch\btConvexConvexAlgorithm.cpp">
      <Filter>Bullet SDK</Filter>
    </ClCompile>
    <ClCompile Include="BulletSDK\include\LinearMath\btConvexHull.cpp">
      <Filter>Bullet SDK</Filter>
    </ClCompile>
    <ClCompile Include="BulletSDK\include\LinearMath\btConvexHullComputer.cpp">
      <Filter>Bullet SDK</Filter>
    </ClCompile>
    <ClCompile Include="BulletSDK\include\BulletCollision\CollisionDispatch\btConvexPlaneCollisionAlgorithm.cpp">
      <Filter>Bullet SDK</Filter>
    </ClCompile>
    <ClCompile Include="BulletSDK\include\BulletCollision\CollisionShapes\btConvexShape.cpp">
      <Filter>Bullet SDK</Filter>
    </ClCompile>
    <ClCompile Include="BulletSDK\include\BulletCollision\CollisionShapes\btConvexInternalShape.cpp">
      <Filter>Bullet SDK</Filter>
    </ClCompile>
    <ClCompile Include="BulletSDK\include\BulletCollision\CollisionShapes\btConvexPointCloudShape.cpp">
      <Filter>Bullet SDK</Filter>
    </ClCompile>
    <ClCompile Include="BulletSDK\include\BulletCollision\CollisionShapes\btConvexPolyhedron.cpp">
      <Filter>Bullet SDK</Filter>
    </ClCompile>
    <ClCompile Include="BulletSDK\include\BulletCollision\CollisionShapes\btConvexHullShape.cpp">
      <Filter>Bullet SDK</Filter>
    </ClCompile>
    <ClCompile Include="BulletSDK\include\BulletDynamics\MLCPSolvers\btDantzigLCP.cpp">
      <Filter>Bullet SDK</Filter>
    </ClCompile>
    <ClCompile Include="BulletSDK\include\BulletDynamics\Dynamics\btDiscreteDynamicsWorldMt.cpp">
      <Filter>Bullet SDK</Filter>
    </ClCompile>
    <ClCompile Include="BulletSDK\include\BulletDynamics\Dynamics\btDiscreteDynamicsWorld.cpp">
      <Filter>Bullet SDK</Filter>
    </ClCompile>
    <ClCompile Include="BulletSDK\include\BulletCollision\CollisionDispatch\btDefaultCollisionConfiguration.cpp">
      <Filter>Bullet SDK</Filter>
    </ClCompile>
    <ClCompile Include="BulletSDK\include\BulletCollision\BroadphaseCollision\btDbvtBroadphase.cpp">
      <Filter>Bullet SDK</Filter>
    </ClCompile>
    <ClCompile Include="BulletSDK\include\BulletCollision\BroadphaseCollision\btDbvt.cpp">
      <Filter>Bullet SDK</Filter>
    </ClCompile>
    <ClCompile Include="BulletSDK\include\BulletCollision\CollisionShapes\btCylinderShape.cpp">
      <Filter>Bullet SDK</Filter>
    </ClCompile>
    <ClCompile Include="BulletSDK\include\BulletCollision\CollisionShapes\btConvexTriangleMeshShape.cpp">
      <Filter>Bullet SDK</Filter>
    </ClCompile>
    <ClCompile Include="BulletSDK\include\BulletCollision\BroadphaseCollision\btDispatcher.cpp">
      <Filter>Bullet SDK</Filter>
    </ClCompile>
    <ClCompile Include="BulletSDK\include\BulletCollision\CollisionDispatch\btEmptyCollisionAlgorithm.cpp">
      <Filter>Bullet SDK</Filter>
    </ClCompile>
    <ClCompile Include="BulletSDK\include\BulletCollision\CollisionShapes\btEmptyShape.cpp">
      <Filter>Bullet SDK</Filter>
    </ClCompile>
    <ClCompile Include="BulletSDK\include\BulletDynamics\ConstraintSolver\btFixedConstraint.cpp">
      <Filter>Bullet SDK</Filter>
    </ClCompile>
    <ClCompile Include="BulletSDK\include\BulletDynamics\ConstraintSolver\btGearConstraint.cpp">
      <Filter>Bullet SDK</Filter>
    </ClCompile>
    <ClCompile Include="BulletSDK\include\BulletDynamics\ConstraintSolver\btGeneric6DofConstraint.cpp">
      <Filter>Bullet SDK</Filter>
    </ClCompile>
    <ClCompile Include="BulletSDK\include\BulletDynamics\ConstraintSolver\btGeneric6DofSpring2Constraint.cpp">
      <Filter>Bullet SDK</Filter>
    </ClCompile>
    <ClCompile Include="BulletSDK\include\BulletDynamics\ConstraintSolver\btGeneric6DofSpringConstraint.cpp">
      <Filter>Bullet SDK</Filter>
    </ClCompile>
    <ClCompile Include="BulletSDK\include\BulletCollision\Gimpact\btGenericPoolAllocator.cpp">
      <Filter>Bullet SDK</Filter>
    </ClCompile>
    <ClCompile Include="BulletSDK\include\LinearMath\btGeometryUtil.cpp">
      <Filter>Bullet SDK</Filter>
    </ClCompile>
    <ClCompile Include="BulletSDK\include\BulletCollision\CollisionDispatch\btGhostObject.cpp">
      <Filter>Bullet SDK</Filter>
    </ClCompile>
    <ClCompile Include="BulletSDK\include\BulletCollision\Gimpact\btGImpactBvh.cpp">
      <Filter>Bullet SDK</Filter>
    </ClCompile>
    <ClCompile Include="BulletSDK\include\BulletCollision\Gimpact\btGImpactCollisionAlgorithm.cpp">
      <Filter>Bullet SDK</Filter>
    </ClCompile>
    <ClCompile Include="BulletSDK\include\BulletCollision\Gimpact\btGImpactQuantizedBvh.cpp">
      <Filter>Bullet SDK</Filter>
    </ClCompile>
    <ClCompile Include="BulletSDK\include\BulletCollision\Gimpact\btGImpactShape.cpp">
      <Filter>Bullet SDK</Filter>
    </ClCompile>
    <ClCompile Include="BulletSDK\include\BulletCollision\NarrowPhaseCollision\btGjkConvexCast.cpp">
      <Filter>Bullet SDK</Filter>
    </ClCompile>
    <ClCompile Include="BulletSDK\include\BulletCollision\NarrowPhaseCollision\btGjkEpa2.cpp">
      <Filter>Bullet SDK</Filter>
    </ClCompile>
    <ClCompile Include="BulletSDK\include\BulletCollision\NarrowPhaseCollision\btGjkEpaPenetrationDepthSolver.cpp">
      <Filter>Bullet SDK</Filter>
    </ClCompile>
    <ClCompile Include="BulletSDK\include\BulletCollision\NarrowPhaseCollision\btGjkPairDetector.cpp">
      <Filter>Bullet SDK</Filter>
    </ClCompile>
    <ClCompile Include="BulletSDK\include\BulletCollision\CollisionDispatch\btHashedSimplePairCache.cpp">
      <Filter>Bullet SDK</Filter>
    </ClCompile>
    <ClCompile Include="BulletSDK\include\BulletCollision\CollisionShapes\btHeightfieldTerrainShape.cpp">
      <Filter>Bullet SDK</Filter>
    </ClCompile>
    <ClCompile Include="BulletSDK\include\BulletDynamics\ConstraintSolver\btHinge2Constraint.cpp">
      <Filter>Bullet SDK</Filter>
    </ClCompile>
    <ClCompile Include="BulletSDK\include\BulletDynamics\ConstraintSolver\btHingeConstraint.cpp">
      <Filter>Bullet SDK</Filter>
    </ClCompile>
    <ClCompile Include="BulletSDK\include\BulletCollision\CollisionDispatch\btInternalEdgeUtility.cpp">
      <Filter>Bullet SDK</Filter>
    </ClCompile>
    <ClCompile Include="BulletSDK\include\BulletDynamics\Character\btKinematicCharacterController.cpp">
      <Filter>Bullet SDK</Filter>
    </ClCompile>
    <ClCompile Include="BulletSDK\include\BulletDynamics\MLCPSolvers\btLemkeAlgorithm.cpp">
      <Filter>Bullet SDK</Filter>
    </ClCompile>
    <ClCompile Include="BulletSDK\include\BulletCollision\CollisionDispatch\btManifoldResult.cpp">
      <Filter>Bullet SDK</Filter>
    </ClCompile>
    <ClCompile Include="BulletSDK\include\BulletCollision\CollisionShapes\btMiniSDF.cpp">
      <Filter>Bullet SDK</Filter>
    </ClCompile>
    <ClCompile Include="BulletSDK\include\BulletCollision\NarrowPhaseCollision\btMinkowskiPenetrationDepthSolver.cpp">
      <Filter>Bullet SDK</Filter>
    </ClCompile>
    <ClCompile Include="BulletSDK\include\BulletCollision\CollisionShapes\btMinkowskiSumShape.cpp">
      <Filter>Bullet SDK</Filter>
    </ClCompile>
    <ClCompile Include="BulletSDK\include\BulletDynamics\MLCPSolvers\btMLCPSolver.cpp">
      <Filter>Bullet SDK</Filter>
    </ClCompile>
    <ClCompile Include="BulletSDK\include\BulletDynamics\Featherstone\btMultiBody.cpp">
      <Filter>Bullet SDK</Filter>
    </ClCompile>
    <ClCompile Include="BulletSDK\include\BulletDynamics\Featherstone\btMultiBodyConstraint.cpp">
      <Filter>Bullet SDK</Filter>
    </ClCompile>
    <ClCompile Include="BulletSDK\include\BulletDynamics\Featherstone\btMultiBodyDynamicsWorld.cpp">
      <Filter>Bullet SDK</Filter>
    </ClCompile>
    <ClCompile Include="BulletSDK\include\BulletDynamics\Featherstone\btMultiBodyGearConstraint.cpp">
      <Filter>Bullet SDK</Filter>
    </ClCompile>
    <ClCompile Include="BulletSDK\include\BulletDynamics\Featherstone\btMultiBodyFixedConstraint.cpp">
      <Filter>Bullet SDK</Filter>
    </ClCompile>
    <ClCompile Include="BulletSDK\include\BulletDynamics\Featherstone\btMultiBodyConstraintSolver.cpp">
      <Filter>Bullet SDK</Filter>
    </ClCompile>
    <ClCompile Include="BulletSDK\include\BulletDynamics\Featherstone\btMultiBodyPoint2Point.cpp">
      <Filter>Bullet SDK</Filter>
    </ClCompile>
    <ClCompile Include="BulletSDK\include\BulletCollision\BroadphaseCollision\btOverlappingPairCache.cpp">
      <Filter>Bullet SDK</Filter>
    </ClCompile>
    <ClCompile Include="BulletSDK\include\BulletCollision\CollisionShapes\btOptimizedBvh.cpp">
      <Filter>Bullet SDK</Filter>
    </ClCompile>
    <ClCompile Include="BulletSDK\include\BulletDynamics\ConstraintSolver\btNNCGConstraintSolver.cpp">
      <Filter>Bullet SDK</Filter>
    </ClCompile>
    <ClCompile Include="BulletSDK\include\BulletCollision\CollisionShapes\btMultiSphereShape.cpp">
      <Filter>Bullet SDK</Filter>
    </ClCompile>
    <ClCompile Include="BulletSDK\include\BulletCollision\CollisionShapes\btMultimaterialTriangleMeshShape.cpp">
      <Filter>Bullet SDK</Filter>
    </ClCompile>
    <ClCompile Include="BulletSDK\include\BulletDynamics\Featherstone\btMultiBodySphericalJointMotor.cpp">
      <Filter>Bullet SDK</Filter>
    </ClCompile>
    <ClCompile Include="BulletSDK\include\BulletDynamics\Featherstone\btMultiBodySliderConstraint.cpp">
      <Filter>Bullet SDK</Filter>
    </ClCompile>
    <ClCompile Include="BulletSDK\include\BulletDynamics\Featherstone\btMultiBodyMLCPConstraintSolver.cpp">
      <Filter>Bullet SDK</Filter>
    </ClCompile>
    <ClCompile Include="BulletSDK\include\BulletDynamics\Featherstone\btMultiBodyJointMotor.cpp">
      <Filter>Bullet SDK</Filter>
    </ClCompile>
    <ClCompile Include="BulletSDK\include\BulletDynamics\Featherstone\btMultiBodyJointLimitConstraint.cpp">
      <Filter>Bullet SDK</Filter>
    </ClCompile>
    <ClCompile Include="BulletSDK\include\BulletCollision\NarrowPhaseCollision\btPersistentManifold.cpp">
      <Filter>Bullet SDK</Filter>
    </ClCompile>
    <ClCompile Include="BulletSDK\include\BulletDynamics\ConstraintSolver\btPoint2PointConstraint.cpp">
      <Filter>Bullet SDK</Filter>
    </ClCompile>
    <ClCompile Include="BulletSDK\include\LinearMath\btPolarDecomposition.cpp">
      <Filter>Bullet SDK</Filter>
    </ClCompile>
    <ClCompile Include="BulletSDK\include\BulletCollision\NarrowPhaseCollision\btPolyhedralContactClipping.cpp">
      <Filter>Bullet SDK</Filter>
    </ClCompile>
    <ClCompile Include="BulletSDK\include\BulletCollision\CollisionShapes\btPolyhedralConvexShape.cpp">
      <Filter>Bullet SDK</Filter>
    </ClCompile>
    <ClCompile Include="BulletSDK\include\BulletCollision\BroadphaseCollision\btQuantizedBvh.cpp">
      <Filter>Bullet SDK</Filter>
    </ClCompile>
    <ClCompile Include="BulletSDK\include\LinearMath\btQuickprof.cpp">
      <Filter>Bullet SDK</Filter>
    </ClCompile>
    <ClCompile Include="BulletSDK\include\BulletCollision\NarrowPhaseCollision\btRaycastCallback.cpp">
      <Filter>Bullet SDK</Filter>
    </ClCompile>
    <ClCompile Include="BulletSDK\include\BulletDynamics\Vehicle\btRaycastVehicle.cpp">
      <Filter>Bullet SDK</Filter>
    </ClCompile>
    <ClCompile Include="BulletSDK\include\BulletDynamics\Dynamics\btRigidBody.cpp">
      <Filter>Bullet SDK</Filter>
    </ClCompile>
    <ClCompile Include="BulletSDK\include\BulletCollision\CollisionShapes\btScaledBvhTriangleMeshShape.cpp">
      <Filter>Bullet SDK</Filter>
    </ClCompile>
    <ClCompile Include="BulletSDK\include\BulletCollision\CollisionShapes\btSdfCollisionShape.cpp">
      <Filter>Bullet SDK</Filter>
    </ClCompile>
    <ClCompile Include="BulletSDK\include\BulletDynamics\ConstraintSolver\btSequentialImpulseConstraintSolver.cpp">
      <Filter>Bullet SDK</Filter>
    </ClCompile>
    <ClCompile Include="BulletSDK\include\BulletDynamics\ConstraintSolver\btSequentialImpulseConstraintSolverMt.cpp">
      <Filter>Bullet SDK</Filter>
    </ClCompile>
    <ClCompile Include="BulletSDK\include\LinearMath\btSerializer.cpp">
      <Filter>Bullet SDK</Filter>
    </ClCompile>
    <ClCompile Include="BulletSDK\include\BulletCollision\CollisionShapes\btShapeHull.cpp">
      <Filter>Bullet SDK</Filter>
    </ClCompile>
    <ClCompile Include="BulletSDK\include\LinearMath\btSerializer64.cpp">
      <Filter>Bullet SDK</Filter>
    </ClCompile>
    <ClCompile Include="BulletSDK\include\BulletCollision\BroadphaseCollision\btSimpleBroadphase.cpp">
      <Filter>Bullet SDK</Filter>
    </ClCompile>
    <ClCompile Include="BulletSDK\include\BulletDynamics\Dynamics\btSimpleDynamicsWorld.cpp">
      <Filter>Bullet SDK</Filter>
    </ClCompile>
    <ClCompile Include="BulletSDK\include\BulletCollision\CollisionDispatch\btSimulationIslandManager.cpp">
      <Filter>Bullet SDK</Filter>
    </ClCompile>
    <ClCompile Include="BulletSDK\include\BulletDynamics\Dynamics\btSimulationIslandManagerMt.cpp">
      <Filter>Bullet SDK</Filter>
    </ClCompile>
    <ClCompile Include="BulletSDK\include\BulletDynamics\ConstraintSolver\btSliderConstraint.cpp">
      <Filter>Bullet SDK</Filter>
    </ClCompile>
    <ClCompile Include="BulletSDK\include\BulletDynamics\ConstraintSolver\btSolve2LinearConstraint.cpp">
      <Filter>Bullet SDK</Filter>
    </ClCompile>
    <ClCompile Include="BulletSDK\include\BulletCollision\CollisionDispatch\btSphereBoxCollisionAlgorithm.cpp">
      <Filter>Bullet SDK</Filter>
    </ClCompile>
    <ClCompile Include="BulletSDK\include\BulletCollision\CollisionShapes\btSphereShape.cpp">
      <Filter>Bullet SDK</Filter>
    </ClCompile>
    <ClCompile Include="BulletSDK\include\BulletCollision\CollisionDispatch\btSphereSphereCollisionAlgorithm.cpp">
      <Filter>Bullet SDK</Filter>
    </ClCompile>
    <ClCompile Include="BulletSDK\include\BulletCollision\CollisionDispatch\btSphereTriangleCollisionAlgorithm.cpp">
      <Filter>Bullet SDK</Filter>
    </ClCompile>
    <ClCompile Include="BulletSDK\include\BulletCollision\CollisionShapes\btStaticPlaneShape.cpp">
      <Filter>Bullet SDK</Filter>
    </ClCompile>
    <ClCompile Include="BulletSDK\include\BulletCollision\CollisionShapes\btStridingMeshInterface.cpp">
      <Filter>Bullet SDK</Filter>
    </ClCompile>
    <ClCompile Include="BulletSDK\include\BulletCollision\NarrowPhaseCollision\btSubSimplexConvexCast.cpp">
      <Filter>Bullet SDK</Filter>
    </ClCompile>
    <ClCompile Include="BulletSDK\include\BulletDynamics\Vehicle\btWheelInfo.cpp">
      <Filter>Bullet SDK</Filter>
    </ClCompile>
    <ClCompile Include="BulletSDK\include\BulletCollision\NarrowPhaseCollision\btVoronoiSimplexSolver.cpp">
      <Filter>Bullet SDK</Filter>
    </ClCompile>
    <ClCompile Include="BulletSDK\include\LinearMath\btVector3.cpp">
      <Filter>Bullet SDK</Filter>
    </ClCompile>
    <ClCompile Include="BulletSDK\include\BulletDynamics\ConstraintSolver\btUniversalConstraint.cpp">
      <Filter>Bullet SDK</Filter>
    </ClCompile>
    <ClCompile Include="BulletSDK\include\BulletCollision\CollisionDispatch\btUnionFind.cpp">
      <Filter>Bullet SDK</Filter>
    </ClCompile>
    <ClCompile Include="BulletSDK\include\BulletCollision\CollisionShapes\btUniformScalingShape.cpp">
      <Filter>Bullet SDK</Filter>
    </ClCompile>
    <ClCompile Include="BulletSDK\include\BulletDynamics\ConstraintSolver\btTypedConstraint.cpp">
      <Filter>Bullet SDK</Filter>
    </ClCompile>
    <ClCompile Include="BulletSDK\include\BulletCollision\Gimpact\btTriangleShapeEx.cpp">
      <Filter>Bullet SDK</Filter>
    </ClCompile>
    <ClCompile Include="BulletSDK\include\BulletCollision\CollisionShapes\btTriangleMeshShape.cpp">
      <Filter>Bullet SDK</Filter>
    </ClCompile>
    <ClCompile Include="BulletSDK\include\BulletCollision\CollisionShapes\btTriangleMesh.cpp">
      <Filter>Bullet SDK</Filter>
    </ClCompile>
    <ClCompile Include="BulletSDK\include\BulletCollision\CollisionShapes\btTriangleIndexVertexMaterialArray.cpp">
      <Filter>Bullet SDK</Filter>
    </ClCompile>
    <ClCompile Include="BulletSDK\include\BulletCollision\CollisionShapes\btTriangleIndexVertexArray.cpp">
      <Filter>Bullet SDK</Filter>
    </ClCompile>
    <ClCompile Include="BulletSDK\include\BulletCollision\CollisionShapes\btTriangleCallback.cpp">
      <Filter>Bullet SDK</Filter>
    </ClCompile>
    <ClCompile Include="BulletSDK\include\BulletCollision\CollisionShapes\btTriangleBuffer.cpp">
      <Filter>Bullet SDK</Filter>
    </ClCompile>
    <ClCompile Include="BulletSDK\include\LinearMath\TaskScheduler\btThreadSupportWin32.cpp">
      <Filter>Bullet SDK</Filter>
    </ClCompile>
    <ClCompile Include="BulletSDK\include\LinearMath\TaskScheduler\btThreadSupportPosix.cpp">
      <Filter>Bullet SDK</Filter>
    </ClCompile>
    <ClCompile Include="BulletSDK\include\LinearMath\btThreads.cpp">
      <Filter>Bullet SDK</Filter>
    </ClCompile>
    <ClCompile Include="BulletSDK\include\BulletCollision\CollisionShapes\btTetrahedronShape.cpp">
      <Filter>Bullet SDK</Filter>
    </ClCompile>
    <ClCompile Include="BulletSDK\include\LinearMath\TaskScheduler\btTaskScheduler.cpp">
      <Filter>Bullet SDK</Filter>
    </ClCompile>
    <ClCompile Include="Button.cpp">
      <Filter>Menu</Filter>
    </ClCompile>
    <ClCompile Include="CheckBox.cpp">
      <Filter>Menu</Filter>
    </ClCompile>
    <ClCompile Include="DeferredShader.cpp">
      <Filter>Shader</Filter>
    </ClCompile>
    <ClCompile Include="GBuffer.cpp">
      <Filter>Shader</Filter>
    </ClCompile>
    <ClCompile Include="ForwardShader.cpp">
      <Filter>Shader</Filter>
    </ClCompile>
    <ClCompile Include="BulletSDK\include\BulletCollision\Gimpact\gim_box_set.cpp">
      <Filter>Gimpact</Filter>
    </ClCompile>
    <ClCompile Include="BulletSDK\include\BulletCollision\Gimpact\gim_contact.cpp">
      <Filter>Gimpact</Filter>
    </ClCompile>
    <ClCompile Include="BulletSDK\include\BulletCollision\Gimpact\gim_memory.cpp">
      <Filter>Gimpact</Filter>
    </ClCompile>
    <ClCompile Include="BulletSDK\include\BulletCollision\Gimpact\gim_tri_collision.cpp">
      <Filter>Gimpact</Filter>
    </ClCompile>
    <ClCompile Include="imgui\imgui_widgets.cpp">
      <Filter>ImGui</Filter>
    </ClCompile>
    <ClCompile Include="imgui\imgui_impl_win32.cpp">
      <Filter>ImGui</Filter>
    </ClCompile>
    <ClCompile Include="imgui\imgui_impl_dx11.cpp">
      <Filter>ImGui</Filter>
    </ClCompile>
    <ClCompile Include="imgui\imgui_draw.cpp">
      <Filter>ImGui</Filter>
    </ClCompile>
    <ClCompile Include="imgui\imgui_demo.cpp">
      <Filter>ImGui</Filter>
    </ClCompile>
    <ClCompile Include="imgui\imgui.cpp">
      <Filter>ImGui</Filter>
    </ClCompile>
    <ClCompile Include="GuiBase.cpp">
      <Filter>Menu</Filter>
    </ClCompile>
    <ClCompile Include="GuiElement.cpp">
      <Filter>Menu</Filter>
    </ClCompile>
    <ClCompile Include="HealthBar.cpp">
      <Filter>Menu</Filter>
    </ClCompile>
    <ClCompile Include="MainGui.cpp">
      <Filter>Menu</Filter>
    </ClCompile>
    <ClCompile Include="MainMenu.cpp">
      <Filter>Menu</Filter>
    </ClCompile>
    <ClCompile Include="RulesGui.cpp">
      <Filter>Menu</Filter>
    </ClCompile>
    <ClCompile Include="SelectGui.cpp">
      <Filter>Menu</Filter>
    </ClCompile>
    <ClCompile Include="Slider.cpp">
      <Filter>Menu</Filter>
    </ClCompile>
    <ClCompile Include="OptionsGui.cpp">
      <Filter>Menu</Filter>
    </ClCompile>
    <ClCompile Include="Joint.cpp">
      <Filter>Skeleton</Filter>
    </ClCompile>
    <ClCompile Include="JointTransformation.cpp">
      <Filter>Skeleton</Filter>
    </ClCompile>
    <ClCompile Include="KeyFrame.cpp">
      <Filter>Skeleton</Filter>
    </ClCompile>
    <ClCompile Include="LightShader.cpp">
      <Filter>Shader</Filter>
    </ClCompile>
    <ClCompile Include="SimpleShaderClass.cpp">
      <Filter>Shader</Filter>
    </ClCompile>
    <ClCompile Include="DEBUG_DRAW.cpp">
      <Filter>Help</Filter>
    </ClCompile>
    <ClCompile Include="Model.cpp">
      <Filter>Source</Filter>
    </ClCompile>
    <ClCompile Include="Keyboard.cpp">
      <Filter>Input</Filter>
    </ClCompile>
    <ClCompile Include="KeyboardEvent.cpp">
      <Filter>Input</Filter>
    </ClCompile>
    <ClCompile Include="Geometry.cpp">
      <Filter>Source</Filter>
    </ClCompile>
    <ClCompile Include="GameObject.cpp">
      <Filter>Source</Filter>
    </ClCompile>
    <ClCompile Include="MouseEvent.cpp">
      <Filter>Input</Filter>
    </ClCompile>
    <ClCompile Include="Mouse.cpp">
      <Filter>Input</Filter>
    </ClCompile>
    <ClCompile Include="Player.cpp">
      <Filter>Source</Filter>
    </ClCompile>
    <ClCompile Include="PlayerSelector.cpp">
      <Filter>Menu</Filter>
    </ClCompile>
    <ClCompile Include="Shader.cpp">
      <Filter>Shader</Filter>
    </ClCompile>
    <ClCompile Include="ShaderManager.cpp">
      <Filter>Shader</Filter>
    </ClCompile>
    <ClCompile Include="Texture.cpp">
      <Filter>Source</Filter>
    </ClCompile>
    <ClCompile Include="TextureLoad.cpp">
      <Filter>Source</Filter>
    </ClCompile>
    <ClCompile Include="Transform.cpp">
      <Filter>Source</Filter>
    </ClCompile>
    <ClCompile Include="Primitives.cpp">
      <Filter>Source</Filter>
    </ClCompile>
    <ClCompile Include="BulletSDK\include\BulletCollision\CollisionDispatch\SphereTriangleDetector.cpp">
      <Filter>Source</Filter>
    </ClCompile>
    <ClCompile Include="Skybox.cpp">
      <Filter>Source</Filter>
    </ClCompile>
    <ClCompile Include="Camera.cpp">
      <Filter>Engine</Filter>
    </ClCompile>
    <ClCompile Include="GameObjectHandler.cpp">
      <Filter>Engine</Filter>
    </ClCompile>
    <ClCompile Include="GraphicsDevice.cpp">
      <Filter>Engine</Filter>
    </ClCompile>
    <ClCompile Include="main.cpp">
      <Filter>Engine</Filter>
    </ClCompile>
    <ClCompile Include="GunGameState.cpp">
      <Filter>Engine</Filter>
    </ClCompile>
    <ClCompile Include="ModelLoader.cpp">
      <Filter>Engine</Filter>
    </ClCompile>
    <ClCompile Include="SoundManager.cpp">
      <Filter>Engine</Filter>
    </ClCompile>
    <ClCompile Include="State.cpp">
      <Filter>Engine</Filter>
    </ClCompile>
    <ClCompile Include="System.cpp">
      <Filter>Engine</Filter>
    </ClCompile>
    <ClCompile Include="Physics.cpp">
      <Filter>Engine</Filter>
    </ClCompile>
    <ClCompile Include="ShadowMapping.cpp" />
    <ClCompile Include="Objects.cpp" />
    <ClCompile Include="GunGameGui.cpp">
      <Filter>Menu</Filter>
    </ClCompile>
    <ClCompile Include="PauseGui.cpp">
      <Filter>Menu</Filter>
    </ClCompile>
<<<<<<< HEAD
    <ClCompile Include="AnimationShader.cpp">
      <Filter>Skeleton</Filter>
=======
    <ClCompile Include="AssetManager.h">
      <Filter>Engine</Filter>
    </ClCompile>
    <ClCompile Include="AssetManager.cpp">
      <Filter>Engine</Filter>
>>>>>>> 1e8d4d93be6649a6dc44b4f129f5c98a29298d92
    </ClCompile>
  </ItemGroup>
  <ItemGroup>
    <ClInclude Include="resource1.h" />
    <ClInclude Include="Sprite.h" />
    <ClInclude Include="BulletSDK\include\BulletDynamics\Dynamics\btActionInterface.h">
      <Filter>Bullet SDK</Filter>
    </ClInclude>
    <ClInclude Include="BulletSDK\include\LinearMath\btAabbUtil2.h">
      <Filter>Bullet SDK</Filter>
    </ClInclude>
    <ClInclude Include="BulletSDK\include\BulletCollision\CollisionDispatch\btActivatingCollisionAlgorithm.h">
      <Filter>Bullet SDK</Filter>
    </ClInclude>
    <ClInclude Include="BulletSDK\include\LinearMath\btAlignedAllocator.h">
      <Filter>Bullet SDK</Filter>
    </ClInclude>
    <ClInclude Include="BulletSDK\include\LinearMath\btAlignedObjectArray.h">
      <Filter>Bullet SDK</Filter>
    </ClInclude>
    <ClInclude Include="BulletSDK\include\BulletCollision\BroadphaseCollision\btAxisSweep3.h">
      <Filter>Bullet SDK</Filter>
    </ClInclude>
    <ClInclude Include="BulletSDK\include\BulletCollision\BroadphaseCollision\btAxisSweep3Internal.h">
      <Filter>Bullet SDK</Filter>
    </ClInclude>
    <ClInclude Include="BulletSDK\include\BulletDynamics\ConstraintSolver\btBatchedConstraints.h">
      <Filter>Bullet SDK</Filter>
    </ClInclude>
    <ClInclude Include="BulletSDK\include\BulletCollision\CollisionDispatch\btBox2dBox2dCollisionAlgorithm.h">
      <Filter>Bullet SDK</Filter>
    </ClInclude>
    <ClInclude Include="BulletSDK\include\BulletCollision\CollisionShapes\btBox2dShape.h">
      <Filter>Bullet SDK</Filter>
    </ClInclude>
    <ClInclude Include="BulletSDK\include\BulletCollision\CollisionDispatch\btBoxBoxCollisionAlgorithm.h">
      <Filter>Bullet SDK</Filter>
    </ClInclude>
    <ClInclude Include="BulletSDK\include\BulletCollision\CollisionDispatch\btBoxBoxDetector.h">
      <Filter>Bullet SDK</Filter>
    </ClInclude>
    <ClInclude Include="BulletSDK\include\BulletCollision\Gimpact\btBoxCollision.h">
      <Filter>Bullet SDK</Filter>
    </ClInclude>
    <ClInclude Include="BulletSDK\include\BulletCollision\CollisionShapes\btBoxShape.h">
      <Filter>Bullet SDK</Filter>
    </ClInclude>
    <ClInclude Include="BulletSDK\include\BulletCollision\BroadphaseCollision\btBroadphaseInterface.h">
      <Filter>Bullet SDK</Filter>
    </ClInclude>
    <ClInclude Include="AnimatedModel.h">
      <Filter>Skeleton</Filter>
    </ClInclude>
    <ClInclude Include="Animation.h">
      <Filter>Skeleton</Filter>
    </ClInclude>
    <ClInclude Include="Animator.h">
      <Filter>Skeleton</Filter>
    </ClInclude>
    <ClInclude Include="BulletSDK\include\BulletCollision\BroadphaseCollision\btBroadphaseProxy.h">
      <Filter>Bullet SDK</Filter>
    </ClInclude>
    <ClInclude Include="BulletSDK\include\btBulletCollisionCommon.h">
      <Filter>Bullet SDK</Filter>
    </ClInclude>
    <ClInclude Include="BulletSDK\include\btBulletDynamicsCommon.h">
      <Filter>Bullet SDK</Filter>
    </ClInclude>
    <ClInclude Include="BulletSDK\include\BulletCollision\CollisionShapes\btBvhTriangleMeshShape.h">
      <Filter>Bullet SDK</Filter>
    </ClInclude>
    <ClInclude Include="BulletSDK\include\BulletCollision\CollisionShapes\btCapsuleShape.h">
      <Filter>Bullet SDK</Filter>
    </ClInclude>
    <ClInclude Include="BulletSDK\include\BulletDynamics\Character\btCharacterControllerInterface.h">
      <Filter>Bullet SDK</Filter>
    </ClInclude>
    <ClInclude Include="BulletSDK\include\BulletCollision\Gimpact\btClipPolygon.h">
      <Filter>Bullet SDK</Filter>
    </ClInclude>
    <ClInclude Include="BulletSDK\include\BulletCollision\BroadphaseCollision\btCollisionAlgorithm.h">
      <Filter>Bullet SDK</Filter>
    </ClInclude>
    <ClInclude Include="BulletSDK\include\BulletCollision\CollisionDispatch\btCollisionConfiguration.h">
      <Filter>Bullet SDK</Filter>
    </ClInclude>
    <ClInclude Include="BulletSDK\include\BulletCollision\CollisionDispatch\btCollisionCreateFunc.h">
      <Filter>Bullet SDK</Filter>
    </ClInclude>
    <ClInclude Include="BulletSDK\include\BulletCollision\CollisionDispatch\btCollisionDispatcher.h">
      <Filter>Bullet SDK</Filter>
    </ClInclude>
    <ClInclude Include="BulletSDK\include\BulletCollision\CollisionDispatch\btCollisionDispatcherMt.h">
      <Filter>Bullet SDK</Filter>
    </ClInclude>
    <ClInclude Include="BulletSDK\include\BulletCollision\CollisionShapes\btCollisionMargin.h">
      <Filter>Bullet SDK</Filter>
    </ClInclude>
    <ClInclude Include="BulletSDK\include\BulletCollision\CollisionDispatch\btCollisionObject.h">
      <Filter>Bullet SDK</Filter>
    </ClInclude>
    <ClInclude Include="BulletSDK\include\BulletCollision\CollisionDispatch\btCollisionObjectWrapper.h">
      <Filter>Bullet SDK</Filter>
    </ClInclude>
    <ClInclude Include="BulletSDK\include\BulletCollision\CollisionShapes\btCollisionShape.h">
      <Filter>Bullet SDK</Filter>
    </ClInclude>
    <ClInclude Include="BulletSDK\include\BulletCollision\CollisionDispatch\btCollisionWorld.h">
      <Filter>Bullet SDK</Filter>
    </ClInclude>
    <ClInclude Include="BulletSDK\include\BulletCollision\CollisionDispatch\btCollisionWorldImporter.h">
      <Filter>Bullet SDK</Filter>
    </ClInclude>
    <ClInclude Include="BulletSDK\include\BulletCollision\CollisionDispatch\btCompoundCollisionAlgorithm.h">
      <Filter>Bullet SDK</Filter>
    </ClInclude>
    <ClInclude Include="BulletSDK\include\BulletCollision\CollisionDispatch\btCompoundCompoundCollisionAlgorithm.h">
      <Filter>Bullet SDK</Filter>
    </ClInclude>
    <ClInclude Include="BulletSDK\include\BulletCollision\Gimpact\btCompoundFromGimpact.h">
      <Filter>Bullet SDK</Filter>
    </ClInclude>
    <ClInclude Include="BulletSDK\include\BulletCollision\NarrowPhaseCollision\btComputeGjkEpaPenetration.h">
      <Filter>Bullet SDK</Filter>
    </ClInclude>
    <ClInclude Include="BulletSDK\include\BulletCollision\CollisionShapes\btCompoundShape.h">
      <Filter>Bullet SDK</Filter>
    </ClInclude>
    <ClInclude Include="BulletSDK\include\BulletCollision\CollisionShapes\btConcaveShape.h">
      <Filter>Bullet SDK</Filter>
    </ClInclude>
    <ClInclude Include="BulletSDK\include\BulletCollision\CollisionShapes\btConeShape.h">
      <Filter>Bullet SDK</Filter>
    </ClInclude>
    <ClInclude Include="BulletSDK\include\BulletDynamics\ConstraintSolver\btConstraintSolver.h">
      <Filter>Bullet SDK</Filter>
    </ClInclude>
    <ClInclude Include="BulletSDK\include\BulletDynamics\ConstraintSolver\btConeTwistConstraint.h">
      <Filter>Bullet SDK</Filter>
    </ClInclude>
    <ClInclude Include="BulletSDK\include\BulletDynamics\ConstraintSolver\btContactConstraint.h">
      <Filter>Bullet SDK</Filter>
    </ClInclude>
    <ClInclude Include="BulletSDK\include\BulletCollision\Gimpact\btContactProcessing.h">
      <Filter>Bullet SDK</Filter>
    </ClInclude>
    <ClInclude Include="BulletSDK\include\BulletDynamics\ConstraintSolver\btContactSolverInfo.h">
      <Filter>Bullet SDK</Filter>
    </ClInclude>
    <ClInclude Include="BulletSDK\include\BulletCollision\Gimpact\btContactProcessingStructs.h">
      <Filter>Bullet SDK</Filter>
    </ClInclude>
    <ClInclude Include="BulletSDK\include\BulletCollision\NarrowPhaseCollision\btContinuousConvexCollision.h">
      <Filter>Bullet SDK</Filter>
    </ClInclude>
    <ClInclude Include="BulletSDK\include\BulletCollision\CollisionDispatch\btConvex2dConvex2dAlgorithm.h">
      <Filter>Bullet SDK</Filter>
    </ClInclude>
    <ClInclude Include="BulletSDK\include\BulletCollision\CollisionShapes\btConvex2dShape.h">
      <Filter>Bullet SDK</Filter>
    </ClInclude>
    <ClInclude Include="BulletSDK\include\BulletCollision\NarrowPhaseCollision\btConvexCast.h">
      <Filter>Bullet SDK</Filter>
    </ClInclude>
    <ClInclude Include="Animal.h">
      <Filter>Header</Filter>
    </ClInclude>
    <ClInclude Include="BulletSDK\include\BulletCollision\CollisionDispatch\btConvexConcaveCollisionAlgorithm.h">
      <Filter>Bullet SDK</Filter>
    </ClInclude>
    <ClInclude Include="BulletSDK\include\BulletCollision\CollisionDispatch\btConvexConvexAlgorithm.h">
      <Filter>Bullet SDK</Filter>
    </ClInclude>
    <ClInclude Include="BulletSDK\include\BulletCollision\CollisionShapes\btConvexPolyhedron.h">
      <Filter>Bullet SDK</Filter>
    </ClInclude>
    <ClInclude Include="BulletSDK\include\BulletCollision\NarrowPhaseCollision\btConvexPenetrationDepthSolver.h">
      <Filter>Bullet SDK</Filter>
    </ClInclude>
    <ClInclude Include="BulletSDK\include\BulletCollision\CollisionShapes\btConvexPointCloudShape.h">
      <Filter>Bullet SDK</Filter>
    </ClInclude>
    <ClInclude Include="BulletSDK\include\BulletCollision\CollisionDispatch\btConvexPlaneCollisionAlgorithm.h">
      <Filter>Bullet SDK</Filter>
    </ClInclude>
    <ClInclude Include="BulletSDK\include\BulletCollision\CollisionShapes\btConvexInternalShape.h">
      <Filter>Bullet SDK</Filter>
    </ClInclude>
    <ClInclude Include="BulletSDK\include\LinearMath\btConvexHullComputer.h">
      <Filter>Bullet SDK</Filter>
    </ClInclude>
    <ClInclude Include="BulletSDK\include\LinearMath\btConvexHull.h">
      <Filter>Bullet SDK</Filter>
    </ClInclude>
    <ClInclude Include="BulletSDK\include\BulletCollision\CollisionShapes\btConvexShape.h">
      <Filter>Bullet SDK</Filter>
    </ClInclude>
    <ClInclude Include="BulletSDK\include\LinearMath\btCpuFeatureUtility.h">
      <Filter>Bullet SDK</Filter>
    </ClInclude>
    <ClInclude Include="BulletSDK\include\BulletCollision\CollisionDispatch\btDefaultCollisionConfiguration.h">
      <Filter>Bullet SDK</Filter>
    </ClInclude>
    <ClInclude Include="BulletSDK\include\BulletDynamics\Dynamics\btDiscreteDynamicsWorld.h">
      <Filter>Bullet SDK</Filter>
    </ClInclude>
    <ClInclude Include="BulletSDK\include\BulletCollision\NarrowPhaseCollision\btDiscreteCollisionDetectorInterface.h">
      <Filter>Bullet SDK</Filter>
    </ClInclude>
    <ClInclude Include="BulletSDK\include\LinearMath\btDefaultMotionState.h">
      <Filter>Bullet SDK</Filter>
    </ClInclude>
    <ClInclude Include="BulletSDK\include\BulletCollision\BroadphaseCollision\btDbvtBroadphase.h">
      <Filter>Bullet SDK</Filter>
    </ClInclude>
    <ClInclude Include="BulletSDK\include\BulletCollision\BroadphaseCollision\btDbvt.h">
      <Filter>Bullet SDK</Filter>
    </ClInclude>
    <ClInclude Include="BulletSDK\include\BulletDynamics\MLCPSolvers\btDantzigSolver.h">
      <Filter>Bullet SDK</Filter>
    </ClInclude>
    <ClInclude Include="BulletSDK\include\BulletDynamics\MLCPSolvers\btDantzigLCP.h">
      <Filter>Bullet SDK</Filter>
    </ClInclude>
    <ClInclude Include="BulletSDK\include\BulletCollision\CollisionShapes\btCylinderShape.h">
      <Filter>Bullet SDK</Filter>
    </ClInclude>
    <ClInclude Include="BulletSDK\include\BulletCollision\CollisionShapes\btConvexTriangleMeshShape.h">
      <Filter>Bullet SDK</Filter>
    </ClInclude>
    <ClInclude Include="BulletSDK\include\BulletCollision\CollisionShapes\btConvexHullShape.h">
      <Filter>Bullet SDK</Filter>
    </ClInclude>
    <ClInclude Include="BulletSDK\include\BulletDynamics\Dynamics\btDiscreteDynamicsWorldMt.h">
      <Filter>Bullet SDK</Filter>
    </ClInclude>
    <ClInclude Include="BulletSDK\include\BulletCollision\BroadphaseCollision\btDispatcher.h">
      <Filter>Bullet SDK</Filter>
    </ClInclude>
    <ClInclude Include="BulletSDK\include\BulletDynamics\Dynamics\btDynamicsWorld.h">
      <Filter>Bullet SDK</Filter>
    </ClInclude>
    <ClInclude Include="BulletSDK\include\BulletCollision\CollisionDispatch\btEmptyCollisionAlgorithm.h">
      <Filter>Bullet SDK</Filter>
    </ClInclude>
    <ClInclude Include="BulletSDK\include\BulletCollision\CollisionShapes\btEmptyShape.h">
      <Filter>Bullet SDK</Filter>
    </ClInclude>
    <ClInclude Include="BulletSDK\include\BulletDynamics\ConstraintSolver\btFixedConstraint.h">
      <Filter>Bullet SDK</Filter>
    </ClInclude>
    <ClInclude Include="BulletSDK\include\BulletDynamics\ConstraintSolver\btGearConstraint.h">
      <Filter>Bullet SDK</Filter>
    </ClInclude>
    <ClInclude Include="BulletSDK\include\BulletDynamics\ConstraintSolver\btGeneric6DofSpring2Constraint.h">
      <Filter>Bullet SDK</Filter>
    </ClInclude>
    <ClInclude Include="BulletSDK\include\BulletDynamics\ConstraintSolver\btGeneric6DofConstraint.h">
      <Filter>Bullet SDK</Filter>
    </ClInclude>
    <ClInclude Include="BulletSDK\include\BulletDynamics\ConstraintSolver\btGeneric6DofSpringConstraint.h">
      <Filter>Bullet SDK</Filter>
    </ClInclude>
    <ClInclude Include="BulletSDK\include\BulletCollision\Gimpact\btGenericPoolAllocator.h">
      <Filter>Bullet SDK</Filter>
    </ClInclude>
    <ClInclude Include="BulletSDK\include\BulletCollision\Gimpact\btGeometryOperations.h">
      <Filter>Bullet SDK</Filter>
    </ClInclude>
    <ClInclude Include="BulletSDK\include\LinearMath\btGeometryUtil.h">
      <Filter>Bullet SDK</Filter>
    </ClInclude>
    <ClInclude Include="BulletSDK\include\BulletCollision\CollisionDispatch\btGhostObject.h">
      <Filter>Bullet SDK</Filter>
    </ClInclude>
    <ClInclude Include="BulletSDK\include\BulletCollision\Gimpact\btGImpactBvh.h">
      <Filter>Bullet SDK</Filter>
    </ClInclude>
    <ClInclude Include="BulletSDK\include\BulletCollision\Gimpact\btGImpactBvhStructs.h">
      <Filter>Bullet SDK</Filter>
    </ClInclude>
    <ClInclude Include="BulletSDK\include\BulletCollision\Gimpact\btGImpactCollisionAlgorithm.h">
      <Filter>Bullet SDK</Filter>
    </ClInclude>
    <ClInclude Include="BulletSDK\include\BulletCollision\Gimpact\btGImpactMassUtil.h">
      <Filter>Bullet SDK</Filter>
    </ClInclude>
    <ClInclude Include="BulletSDK\include\BulletCollision\Gimpact\btGImpactQuantizedBvh.h">
      <Filter>Bullet SDK</Filter>
    </ClInclude>
    <ClInclude Include="BulletSDK\include\BulletCollision\Gimpact\btGImpactQuantizedBvhStructs.h">
      <Filter>Bullet SDK</Filter>
    </ClInclude>
    <ClInclude Include="BulletSDK\include\BulletCollision\Gimpact\btGImpactShape.h">
      <Filter>Bullet SDK</Filter>
    </ClInclude>
    <ClInclude Include="BulletSDK\include\BulletCollision\NarrowPhaseCollision\btGjkCollisionDescription.h">
      <Filter>Bullet SDK</Filter>
    </ClInclude>
    <ClInclude Include="BulletSDK\include\BulletCollision\NarrowPhaseCollision\btGjkConvexCast.h">
      <Filter>Bullet SDK</Filter>
    </ClInclude>
    <ClInclude Include="BulletSDK\include\BulletCollision\NarrowPhaseCollision\btGjkEpa3.h">
      <Filter>Bullet SDK</Filter>
    </ClInclude>
    <ClInclude Include="BulletSDK\include\BulletCollision\NarrowPhaseCollision\btGjkEpa2.h">
      <Filter>Bullet SDK</Filter>
    </ClInclude>
    <ClInclude Include="BulletSDK\include\BulletCollision\NarrowPhaseCollision\btGjkEpaPenetrationDepthSolver.h">
      <Filter>Bullet SDK</Filter>
    </ClInclude>
    <ClInclude Include="BulletSDK\include\BulletCollision\NarrowPhaseCollision\btGjkPairDetector.h">
      <Filter>Bullet SDK</Filter>
    </ClInclude>
    <ClInclude Include="BulletSDK\include\LinearMath\btGrahamScan2dConvexHull.h">
      <Filter>Bullet SDK</Filter>
    </ClInclude>
    <ClInclude Include="BulletSDK\include\BulletCollision\CollisionDispatch\btHashedSimplePairCache.h">
      <Filter>Bullet SDK</Filter>
    </ClInclude>
    <ClInclude Include="BulletSDK\include\LinearMath\btHashMap.h">
      <Filter>Bullet SDK</Filter>
    </ClInclude>
    <ClInclude Include="BulletSDK\include\BulletCollision\CollisionShapes\btHeightfieldTerrainShape.h">
      <Filter>Bullet SDK</Filter>
    </ClInclude>
    <ClInclude Include="BulletSDK\include\BulletDynamics\ConstraintSolver\btHinge2Constraint.h">
      <Filter>Bullet SDK</Filter>
    </ClInclude>
    <ClInclude Include="BulletSDK\include\BulletDynamics\ConstraintSolver\btHingeConstraint.h">
      <Filter>Bullet SDK</Filter>
    </ClInclude>
    <ClInclude Include="BulletSDK\include\LinearMath\btIDebugDraw.h">
      <Filter>Bullet SDK</Filter>
    </ClInclude>
    <ClInclude Include="BulletSDK\include\BulletCollision\CollisionDispatch\btInternalEdgeUtility.h">
      <Filter>Bullet SDK</Filter>
    </ClInclude>
    <ClInclude Include="BulletSDK\include\BulletDynamics\ConstraintSolver\btJacobianEntry.h">
      <Filter>Bullet SDK</Filter>
    </ClInclude>
    <ClInclude Include="BulletSDK\include\BulletDynamics\Character\btKinematicCharacterController.h">
      <Filter>Bullet SDK</Filter>
    </ClInclude>
    <ClInclude Include="BulletSDK\include\BulletDynamics\MLCPSolvers\btLemkeAlgorithm.h">
      <Filter>Bullet SDK</Filter>
    </ClInclude>
    <ClInclude Include="BulletSDK\include\BulletDynamics\MLCPSolvers\btLemkeSolver.h">
      <Filter>Bullet SDK</Filter>
    </ClInclude>
    <ClInclude Include="BulletSDK\include\LinearMath\btList.h">
      <Filter>Bullet SDK</Filter>
    </ClInclude>
    <ClInclude Include="BulletSDK\include\BulletCollision\NarrowPhaseCollision\btManifoldPoint.h">
      <Filter>Bullet SDK</Filter>
    </ClInclude>
    <ClInclude Include="BulletSDK\include\BulletCollision\CollisionDispatch\btManifoldResult.h">
      <Filter>Bullet SDK</Filter>
    </ClInclude>
    <ClInclude Include="BulletSDK\include\BulletCollision\CollisionShapes\btMaterial.h">
      <Filter>Bullet SDK</Filter>
    </ClInclude>
    <ClInclude Include="BulletSDK\include\LinearMath\btMatrix3x3.h">
      <Filter>Bullet SDK</Filter>
    </ClInclude>
    <ClInclude Include="BulletSDK\include\LinearMath\btMatrixX.h">
      <Filter>Bullet SDK</Filter>
    </ClInclude>
    <ClInclude Include="BulletSDK\include\BulletCollision\CollisionShapes\btMiniSDF.h">
      <Filter>Bullet SDK</Filter>
    </ClInclude>
    <ClInclude Include="BulletSDK\include\BulletCollision\NarrowPhaseCollision\btMinkowskiPenetrationDepthSolver.h">
      <Filter>Bullet SDK</Filter>
    </ClInclude>
    <ClInclude Include="BulletSDK\include\BulletCollision\CollisionShapes\btMinkowskiSumShape.h">
      <Filter>Bullet SDK</Filter>
    </ClInclude>
    <ClInclude Include="BulletSDK\include\BulletDynamics\MLCPSolvers\btMLCPSolver.h">
      <Filter>Bullet SDK</Filter>
    </ClInclude>
    <ClInclude Include="BulletSDK\include\BulletDynamics\MLCPSolvers\btMLCPSolverInterface.h">
      <Filter>Bullet SDK</Filter>
    </ClInclude>
    <ClInclude Include="BulletSDK\include\BulletDynamics\Featherstone\btMultiBody.h">
      <Filter>Bullet SDK</Filter>
    </ClInclude>
    <ClInclude Include="BulletSDK\include\BulletDynamics\Featherstone\btMultiBodyDynamicsWorld.h">
      <Filter>Bullet SDK</Filter>
    </ClInclude>
    <ClInclude Include="BulletSDK\include\BulletDynamics\Featherstone\btMultiBodyGearConstraint.h">
      <Filter>Bullet SDK</Filter>
    </ClInclude>
    <ClInclude Include="BulletSDK\include\BulletDynamics\Featherstone\btMultiBodyFixedConstraint.h">
      <Filter>Bullet SDK</Filter>
    </ClInclude>
    <ClInclude Include="BulletSDK\include\BulletDynamics\Featherstone\btMultiBodyConstraintSolver.h">
      <Filter>Bullet SDK</Filter>
    </ClInclude>
    <ClInclude Include="BulletSDK\include\BulletDynamics\Featherstone\btMultiBodyConstraint.h">
      <Filter>Bullet SDK</Filter>
    </ClInclude>
    <ClInclude Include="BulletSDK\include\LinearMath\btMotionState.h">
      <Filter>Bullet SDK</Filter>
    </ClInclude>
    <ClInclude Include="BulletSDK\include\BulletCollision\NarrowPhaseCollision\btMprPenetration.h">
      <Filter>Bullet SDK</Filter>
    </ClInclude>
    <ClInclude Include="BulletSDK\include\LinearMath\btMinMax.h">
      <Filter>Bullet SDK</Filter>
    </ClInclude>
    <ClInclude Include="BulletSDK\include\BulletDynamics\Featherstone\btMultiBodyJointFeedback.h">
      <Filter>Bullet SDK</Filter>
    </ClInclude>
    <ClInclude Include="BulletSDK\include\BulletDynamics\Featherstone\btMultiBodyLinkCollider.h">
      <Filter>Bullet SDK</Filter>
    </ClInclude>
    <ClInclude Include="BulletSDK\include\BulletDynamics\Featherstone\btMultiBodySphericalJointMotor.h">
      <Filter>Bullet SDK</Filter>
    </ClInclude>
    <ClInclude Include="BulletSDK\include\BulletCollision\CollisionShapes\btOptimizedBvh.h">
      <Filter>Bullet SDK</Filter>
    </ClInclude>
    <ClInclude Include="BulletSDK\include\BulletDynamics\ConstraintSolver\btNNCGConstraintSolver.h">
      <Filter>Bullet SDK</Filter>
    </ClInclude>
    <ClInclude Include="BulletSDK\include\BulletCollision\CollisionShapes\btMultiSphereShape.h">
      <Filter>Bullet SDK</Filter>
    </ClInclude>
    <ClInclude Include="BulletSDK\include\BulletCollision\CollisionShapes\btMultimaterialTriangleMeshShape.h">
      <Filter>Bullet SDK</Filter>
    </ClInclude>
    <ClInclude Include="BulletSDK\include\BulletDynamics\Featherstone\btMultiBodySolverConstraint.h">
      <Filter>Bullet SDK</Filter>
    </ClInclude>
    <ClInclude Include="BulletSDK\include\BulletDynamics\Featherstone\btMultiBodySliderConstraint.h">
      <Filter>Bullet SDK</Filter>
    </ClInclude>
    <ClInclude Include="BulletSDK\include\BulletDynamics\Featherstone\btMultiBodyPoint2Point.h">
      <Filter>Bullet SDK</Filter>
    </ClInclude>
    <ClInclude Include="BulletSDK\include\BulletDynamics\Featherstone\btMultiBodyMLCPConstraintSolver.h">
      <Filter>Bullet SDK</Filter>
    </ClInclude>
    <ClInclude Include="BulletSDK\include\BulletDynamics\Featherstone\btMultiBodyLink.h">
      <Filter>Bullet SDK</Filter>
    </ClInclude>
    <ClInclude Include="BulletSDK\include\BulletDynamics\Featherstone\btMultiBodyJointMotor.h">
      <Filter>Bullet SDK</Filter>
    </ClInclude>
    <ClInclude Include="BulletSDK\include\BulletDynamics\Featherstone\btMultiBodyJointLimitConstraint.h">
      <Filter>Bullet SDK</Filter>
    </ClInclude>
    <ClInclude Include="BulletSDK\include\BulletCollision\BroadphaseCollision\btOverlappingPairCache.h">
      <Filter>Bullet SDK</Filter>
    </ClInclude>
    <ClInclude Include="BulletSDK\include\BulletCollision\BroadphaseCollision\btOverlappingPairCallback.h">
      <Filter>Bullet SDK</Filter>
    </ClInclude>
    <ClInclude Include="BulletSDK\include\BulletDynamics\MLCPSolvers\btPATHSolver.h">
      <Filter>Bullet SDK</Filter>
    </ClInclude>
    <ClInclude Include="BulletSDK\include\BulletCollision\NarrowPhaseCollision\btPersistentManifold.h">
      <Filter>Bullet SDK</Filter>
    </ClInclude>
    <ClInclude Include="BulletSDK\include\BulletDynamics\ConstraintSolver\btPoint2PointConstraint.h">
      <Filter>Bullet SDK</Filter>
    </ClInclude>
    <ClInclude Include="BulletSDK\include\BulletCollision\NarrowPhaseCollision\btPointCollector.h">
      <Filter>Bullet SDK</Filter>
    </ClInclude>
    <ClInclude Include="BulletSDK\include\LinearMath\btPolarDecomposition.h">
      <Filter>Bullet SDK</Filter>
    </ClInclude>
    <ClInclude Include="BulletSDK\include\BulletCollision\NarrowPhaseCollision\btPolyhedralContactClipping.h">
      <Filter>Bullet SDK</Filter>
    </ClInclude>
    <ClInclude Include="BulletSDK\include\BulletCollision\CollisionShapes\btPolyhedralConvexShape.h">
      <Filter>Bullet SDK</Filter>
    </ClInclude>
    <ClInclude Include="BulletSDK\include\LinearMath\btPoolAllocator.h">
      <Filter>Bullet SDK</Filter>
    </ClInclude>
    <ClInclude Include="BulletSDK\include\LinearMath\btQuadWord.h">
      <Filter>Bullet SDK</Filter>
    </ClInclude>
    <ClInclude Include="BulletSDK\include\BulletCollision\Gimpact\btQuantization.h">
      <Filter>Bullet SDK</Filter>
    </ClInclude>
    <ClInclude Include="BulletSDK\include\BulletCollision\BroadphaseCollision\btQuantizedBvh.h">
      <Filter>Bullet SDK</Filter>
    </ClInclude>
    <ClInclude Include="BulletSDK\include\LinearMath\btQuaternion.h">
      <Filter>Bullet SDK</Filter>
    </ClInclude>
    <ClInclude Include="BulletSDK\include\LinearMath\btQuickprof.h">
      <Filter>Bullet SDK</Filter>
    </ClInclude>
    <ClInclude Include="BulletSDK\include\LinearMath\btRandom.h">
      <Filter>Bullet SDK</Filter>
    </ClInclude>
    <ClInclude Include="BulletSDK\include\BulletCollision\NarrowPhaseCollision\btRaycastCallback.h">
      <Filter>Bullet SDK</Filter>
    </ClInclude>
    <ClInclude Include="BulletSDK\include\BulletDynamics\Vehicle\btRaycastVehicle.h">
      <Filter>Bullet SDK</Filter>
    </ClInclude>
    <ClInclude Include="BulletSDK\include\BulletDynamics\Dynamics\btRigidBody.h">
      <Filter>Bullet SDK</Filter>
    </ClInclude>
    <ClInclude Include="BulletSDK\include\LinearMath\btScalar.h">
      <Filter>Bullet SDK</Filter>
    </ClInclude>
    <ClInclude Include="BulletSDK\include\BulletCollision\CollisionShapes\btScaledBvhTriangleMeshShape.h">
      <Filter>Bullet SDK</Filter>
    </ClInclude>
    <ClInclude Include="BulletSDK\include\BulletCollision\CollisionShapes\btSdfCollisionShape.h">
      <Filter>Bullet SDK</Filter>
    </ClInclude>
    <ClInclude Include="BulletSDK\include\BulletDynamics\ConstraintSolver\btSequentialImpulseConstraintSolver.h">
      <Filter>Bullet SDK</Filter>
    </ClInclude>
    <ClInclude Include="BulletSDK\include\BulletDynamics\ConstraintSolver\btSequentialImpulseConstraintSolverMt.h">
      <Filter>Bullet SDK</Filter>
    </ClInclude>
    <ClInclude Include="BulletSDK\include\LinearMath\btSerializer.h">
      <Filter>Bullet SDK</Filter>
    </ClInclude>
    <ClInclude Include="BulletSDK\include\BulletCollision\CollisionShapes\btShapeHull.h">
      <Filter>Bullet SDK</Filter>
    </ClInclude>
    <ClInclude Include="BulletSDK\include\BulletCollision\BroadphaseCollision\btSimpleBroadphase.h">
      <Filter>Bullet SDK</Filter>
    </ClInclude>
    <ClInclude Include="BulletSDK\include\BulletDynamics\Dynamics\btSimpleDynamicsWorld.h">
      <Filter>Bullet SDK</Filter>
    </ClInclude>
    <ClInclude Include="BulletSDK\include\BulletCollision\NarrowPhaseCollision\btSimplexSolverInterface.h">
      <Filter>Bullet SDK</Filter>
    </ClInclude>
    <ClInclude Include="BulletSDK\include\BulletCollision\CollisionDispatch\btSimulationIslandManager.h">
      <Filter>Bullet SDK</Filter>
    </ClInclude>
    <ClInclude Include="BulletSDK\include\BulletDynamics\Dynamics\btSimulationIslandManagerMt.h">
      <Filter>Bullet SDK</Filter>
    </ClInclude>
    <ClInclude Include="BulletSDK\include\BulletDynamics\ConstraintSolver\btSliderConstraint.h">
      <Filter>Bullet SDK</Filter>
    </ClInclude>
    <ClInclude Include="BulletSDK\include\BulletDynamics\ConstraintSolver\btSolve2LinearConstraint.h">
      <Filter>Bullet SDK</Filter>
    </ClInclude>
    <ClInclude Include="BulletSDK\include\BulletDynamics\MLCPSolvers\btSolveProjectedGaussSeidel.h">
      <Filter>Bullet SDK</Filter>
    </ClInclude>
    <ClInclude Include="BulletSDK\include\BulletDynamics\ConstraintSolver\btSolverBody.h">
      <Filter>Bullet SDK</Filter>
    </ClInclude>
    <ClInclude Include="BulletSDK\include\LinearMath\btSpatialAlgebra.h">
      <Filter>Bullet SDK</Filter>
    </ClInclude>
    <ClInclude Include="BulletSDK\include\BulletDynamics\ConstraintSolver\btSolverConstraint.h">
      <Filter>Bullet SDK</Filter>
    </ClInclude>
    <ClInclude Include="BulletSDK\include\BulletCollision\CollisionDispatch\btSphereBoxCollisionAlgorithm.h">
      <Filter>Bullet SDK</Filter>
    </ClInclude>
    <ClInclude Include="BulletSDK\include\BulletCollision\CollisionShapes\btSphereShape.h">
      <Filter>Bullet SDK</Filter>
    </ClInclude>
    <ClInclude Include="BulletSDK\include\BulletCollision\CollisionDispatch\btSphereSphereCollisionAlgorithm.h">
      <Filter>Bullet SDK</Filter>
    </ClInclude>
    <ClInclude Include="BulletSDK\include\BulletCollision\CollisionDispatch\btSphereTriangleCollisionAlgorithm.h">
      <Filter>Bullet SDK</Filter>
    </ClInclude>
    <ClInclude Include="BulletSDK\include\LinearMath\btStackAlloc.h">
      <Filter>Bullet SDK</Filter>
    </ClInclude>
    <ClInclude Include="BulletSDK\include\BulletCollision\CollisionShapes\btStaticPlaneShape.h">
      <Filter>Bullet SDK</Filter>
    </ClInclude>
    <ClInclude Include="BulletSDK\include\BulletCollision\CollisionShapes\btStridingMeshInterface.h">
      <Filter>Bullet SDK</Filter>
    </ClInclude>
    <ClInclude Include="BulletSDK\include\BulletCollision\NarrowPhaseCollision\btSubSimplexConvexCast.h">
      <Filter>Bullet SDK</Filter>
    </ClInclude>
    <ClInclude Include="BulletSDK\include\BulletDynamics\ConstraintSolver\btUniversalConstraint.h">
      <Filter>Bullet SDK</Filter>
    </ClInclude>
    <ClInclude Include="BulletSDK\include\BulletDynamics\Vehicle\btVehicleRaycaster.h">
      <Filter>Bullet SDK</Filter>
    </ClInclude>
    <ClInclude Include="BulletSDK\include\BulletDynamics\Vehicle\btWheelInfo.h">
      <Filter>Bullet SDK</Filter>
    </ClInclude>
    <ClInclude Include="BulletSDK\include\BulletCollision\NarrowPhaseCollision\btVoronoiSimplexSolver.h">
      <Filter>Bullet SDK</Filter>
    </ClInclude>
    <ClInclude Include="BulletSDK\include\LinearMath\btVector3.h">
      <Filter>Bullet SDK</Filter>
    </ClInclude>
    <ClInclude Include="BulletSDK\include\BulletCollision\CollisionDispatch\btUnionFind.h">
      <Filter>Bullet SDK</Filter>
    </ClInclude>
    <ClInclude Include="BulletSDK\include\BulletCollision\CollisionShapes\btUniformScalingShape.h">
      <Filter>Bullet SDK</Filter>
    </ClInclude>
    <ClInclude Include="BulletSDK\include\BulletDynamics\ConstraintSolver\btTypedConstraint.h">
      <Filter>Bullet SDK</Filter>
    </ClInclude>
    <ClInclude Include="BulletSDK\include\BulletCollision\Gimpact\btTriangleShapeEx.h">
      <Filter>Bullet SDK</Filter>
    </ClInclude>
    <ClInclude Include="BulletSDK\include\BulletCollision\CollisionShapes\btTriangleShape.h">
      <Filter>Bullet SDK</Filter>
    </ClInclude>
    <ClInclude Include="BulletSDK\include\BulletCollision\CollisionShapes\btTriangleMeshShape.h">
      <Filter>Bullet SDK</Filter>
    </ClInclude>
    <ClInclude Include="BulletSDK\include\BulletCollision\CollisionShapes\btTriangleMesh.h">
      <Filter>Bullet SDK</Filter>
    </ClInclude>
    <ClInclude Include="BulletSDK\include\BulletCollision\CollisionShapes\btTriangleInfoMap.h">
      <Filter>Bullet SDK</Filter>
    </ClInclude>
    <ClInclude Include="BulletSDK\include\BulletCollision\CollisionShapes\btTriangleIndexVertexMaterialArray.h">
      <Filter>Bullet SDK</Filter>
    </ClInclude>
    <ClInclude Include="BulletSDK\include\BulletCollision\CollisionShapes\btTriangleIndexVertexArray.h">
      <Filter>Bullet SDK</Filter>
    </ClInclude>
    <ClInclude Include="BulletSDK\include\BulletCollision\CollisionShapes\btTriangleCallback.h">
      <Filter>Bullet SDK</Filter>
    </ClInclude>
    <ClInclude Include="BulletSDK\include\BulletCollision\CollisionShapes\btTriangleBuffer.h">
      <Filter>Bullet SDK</Filter>
    </ClInclude>
    <ClInclude Include="BulletSDK\include\LinearMath\btTransformUtil.h">
      <Filter>Bullet SDK</Filter>
    </ClInclude>
    <ClInclude Include="BulletSDK\include\LinearMath\btTransform.h">
      <Filter>Bullet SDK</Filter>
    </ClInclude>
    <ClInclude Include="BulletSDK\include\LinearMath\TaskScheduler\btThreadSupportInterface.h">
      <Filter>Bullet SDK</Filter>
    </ClInclude>
    <ClInclude Include="BulletSDK\include\LinearMath\btThreads.h">
      <Filter>Bullet SDK</Filter>
    </ClInclude>
    <ClInclude Include="BulletSDK\include\BulletCollision\CollisionShapes\btTetrahedronShape.h">
      <Filter>Bullet SDK</Filter>
    </ClInclude>
    <ClInclude Include="Button.h">
      <Filter>Menu</Filter>
    </ClInclude>
    <ClInclude Include="CheckBox.h">
      <Filter>Menu</Filter>
    </ClInclude>
    <ClInclude Include="DeferredShader.h">
      <Filter>Shader</Filter>
    </ClInclude>
    <ClInclude Include="GBuffer.h">
      <Filter>Shader</Filter>
    </ClInclude>
    <ClInclude Include="ForwardShader.h">
      <Filter>Shader</Filter>
    </ClInclude>
    <ClInclude Include="ConstantBuffer.h">
      <Filter>Help</Filter>
    </ClInclude>
    <ClInclude Include="BulletSDK\include\BulletCollision\Gimpact\gim_array.h">
      <Filter>Gimpact</Filter>
    </ClInclude>
    <ClInclude Include="BulletSDK\include\BulletCollision\Gimpact\gim_basic_geometry_operations.h">
      <Filter>Gimpact</Filter>
    </ClInclude>
    <ClInclude Include="BulletSDK\include\BulletCollision\Gimpact\gim_bitset.h">
      <Filter>Gimpact</Filter>
    </ClInclude>
    <ClInclude Include="BulletSDK\include\BulletCollision\Gimpact\gim_box_collision.h">
      <Filter>Gimpact</Filter>
    </ClInclude>
    <ClInclude Include="BulletSDK\include\BulletCollision\Gimpact\gim_box_set.h">
      <Filter>Gimpact</Filter>
    </ClInclude>
    <ClInclude Include="BulletSDK\include\BulletCollision\Gimpact\gim_clip_polygon.h">
      <Filter>Gimpact</Filter>
    </ClInclude>
    <ClInclude Include="BulletSDK\include\BulletCollision\Gimpact\gim_contact.h">
      <Filter>Gimpact</Filter>
    </ClInclude>
    <ClInclude Include="BulletSDK\include\BulletCollision\Gimpact\gim_geom_types.h">
      <Filter>Gimpact</Filter>
    </ClInclude>
    <ClInclude Include="BulletSDK\include\BulletCollision\Gimpact\gim_geometry.h">
      <Filter>Gimpact</Filter>
    </ClInclude>
    <ClInclude Include="BulletSDK\include\BulletCollision\Gimpact\gim_hash_table.h">
      <Filter>Gimpact</Filter>
    </ClInclude>
    <ClInclude Include="BulletSDK\include\BulletCollision\Gimpact\gim_linear_math.h">
      <Filter>Gimpact</Filter>
    </ClInclude>
    <ClInclude Include="BulletSDK\include\BulletCollision\Gimpact\gim_math.h">
      <Filter>Gimpact</Filter>
    </ClInclude>
    <ClInclude Include="BulletSDK\include\BulletCollision\Gimpact\gim_memory.h">
      <Filter>Gimpact</Filter>
    </ClInclude>
    <ClInclude Include="BulletSDK\include\BulletCollision\Gimpact\gim_radixsort.h">
      <Filter>Gimpact</Filter>
    </ClInclude>
    <ClInclude Include="BulletSDK\include\BulletCollision\Gimpact\gim_tri_collision.h">
      <Filter>Gimpact</Filter>
    </ClInclude>
    <ClInclude Include="imgui\imstb_truetype.h">
      <Filter>ImGui</Filter>
    </ClInclude>
    <ClInclude Include="imgui\imstb_textedit.h">
      <Filter>ImGui</Filter>
    </ClInclude>
    <ClInclude Include="imgui\imstb_rectpack.h">
      <Filter>ImGui</Filter>
    </ClInclude>
    <ClInclude Include="imgui\imgui_internal.h">
      <Filter>ImGui</Filter>
    </ClInclude>
    <ClInclude Include="imgui\imgui_impl_win32.h">
      <Filter>ImGui</Filter>
    </ClInclude>
    <ClInclude Include="imgui\imgui_impl_dx11.h">
      <Filter>ImGui</Filter>
    </ClInclude>
    <ClInclude Include="imgui\imgui.h">
      <Filter>ImGui</Filter>
    </ClInclude>
    <ClInclude Include="imgui\imconfig.h">
      <Filter>ImGui</Filter>
    </ClInclude>
    <ClInclude Include="GuiBase.h">
      <Filter>Menu</Filter>
    </ClInclude>
    <ClInclude Include="GuiElement.h">
      <Filter>Menu</Filter>
    </ClInclude>
    <ClInclude Include="HealthBar.h">
      <Filter>Menu</Filter>
    </ClInclude>
    <ClInclude Include="MainGui.h">
      <Filter>Menu</Filter>
    </ClInclude>
    <ClInclude Include="MainMenu.h">
      <Filter>Menu</Filter>
    </ClInclude>
    <ClInclude Include="RulesGui.h">
      <Filter>Menu</Filter>
    </ClInclude>
    <ClInclude Include="SelectGui.h">
      <Filter>Menu</Filter>
    </ClInclude>
    <ClInclude Include="Slider.h">
      <Filter>Menu</Filter>
    </ClInclude>
    <ClInclude Include="OptionsGui.h">
      <Filter>Menu</Filter>
    </ClInclude>
    <ClInclude Include="Joint.h">
      <Filter>Skeleton</Filter>
    </ClInclude>
    <ClInclude Include="JointTransformation.h">
      <Filter>Skeleton</Filter>
    </ClInclude>
    <ClInclude Include="KeyFrame.h">
      <Filter>Skeleton</Filter>
    </ClInclude>
    <ClInclude Include="IndexBuffer.h">
      <Filter>Help</Filter>
    </ClInclude>
    <ClInclude Include="LightShader.h">
      <Filter>Shader</Filter>
    </ClInclude>
    <ClInclude Include="SimpleShaderClass.h">
      <Filter>Shader</Filter>
    </ClInclude>
    <ClInclude Include="DEBUG_DRAW.h">
      <Filter>Help</Filter>
    </ClInclude>
    <ClInclude Include="Keyboard.h">
      <Filter>Input</Filter>
    </ClInclude>
    <ClInclude Include="KeyboardEvent.h">
      <Filter>Input</Filter>
    </ClInclude>
    <ClInclude Include="MouseEvent.h">
      <Filter>Input</Filter>
    </ClInclude>
    <ClInclude Include="Mouse.h">
      <Filter>Input</Filter>
    </ClInclude>
    <ClInclude Include="PlayerSelector.h">
      <Filter>Menu</Filter>
    </ClInclude>
    <ClInclude Include="GameObject.h">
      <Filter>Header</Filter>
    </ClInclude>
    <ClInclude Include="Geometry.h">
      <Filter>Header</Filter>
    </ClInclude>
    <ClInclude Include="Model.h">
      <Filter>Header</Filter>
    </ClInclude>
    <ClInclude Include="Player.h">
      <Filter>Header</Filter>
    </ClInclude>
    <ClInclude Include="Primitives.h">
      <Filter>Header</Filter>
    </ClInclude>
    <ClInclude Include="Shader.h">
      <Filter>Shader</Filter>
    </ClInclude>
    <ClInclude Include="ShaderManager.h">
      <Filter>Shader</Filter>
    </ClInclude>
    <ClInclude Include="VertexBuffer.h">
      <Filter>Help</Filter>
    </ClInclude>
    <ClInclude Include="Structs.h">
      <Filter>Help</Filter>
    </ClInclude>
    <ClInclude Include="Transform.h">
      <Filter>Header</Filter>
    </ClInclude>
    <ClInclude Include="Texture.h">
      <Filter>Header</Filter>
    </ClInclude>
    <ClInclude Include="TextureLoad.h">
      <Filter>Header</Filter>
    </ClInclude>
    <ClInclude Include="BulletSDK\include\BulletCollision\CollisionDispatch\SphereTriangleDetector.h">
      <Filter>Header</Filter>
    </ClInclude>
    <ClInclude Include="Skybox.h">
      <Filter>Header</Filter>
    </ClInclude>
    <ClInclude Include="GameObjectHandler.h">
      <Filter>Engine</Filter>
    </ClInclude>
    <ClInclude Include="Camera.h">
      <Filter>Engine</Filter>
    </ClInclude>
    <ClInclude Include="SoundManager.h">
      <Filter>Engine</Filter>
    </ClInclude>
    <ClInclude Include="System.h">
      <Filter>Engine</Filter>
    </ClInclude>
    <ClInclude Include="GunGameState.h">
      <Filter>Engine</Filter>
    </ClInclude>
    <ClInclude Include="ModelLoader.h">
      <Filter>Engine</Filter>
    </ClInclude>
    <ClInclude Include="GraphicsDevice.h">
      <Filter>Engine</Filter>
    </ClInclude>
    <ClInclude Include="Physics.h">
      <Filter>Engine</Filter>
    </ClInclude>
    <ClInclude Include="State.h">
      <Filter>Engine</Filter>
    </ClInclude>
    <ClInclude Include="ShadowMapping.h" />
    <ClInclude Include="Objects.h" />
    <ClInclude Include="GunGameGui.h">
      <Filter>Menu</Filter>
    </ClInclude>
    <ClInclude Include="PauseGui.h">
      <Filter>Menu</Filter>
    </ClInclude>
    <ClInclude Include="AnimationShader.h">
      <Filter>Skeleton</Filter>
    </ClInclude>
  </ItemGroup>
  <ItemGroup>
    <None Include="imgui\.gitkeep" />
    <None Include="packages.config" />
    <None Include="imgui\imgui.ini">
      <Filter>ImGui</Filter>
    </None>
  </ItemGroup>
  <ItemGroup>
    <Filter Include="Header">
      <UniqueIdentifier>{133483ed-7c81-4c40-bf46-28700722ff81}</UniqueIdentifier>
    </Filter>
    <Filter Include="Skeleton">
      <UniqueIdentifier>{0d775fc0-ed44-4f12-8ccf-20095c87c26e}</UniqueIdentifier>
    </Filter>
    <Filter Include="Source">
      <UniqueIdentifier>{7f3d868f-9fa6-43b4-8826-cfc4302fcf0f}</UniqueIdentifier>
    </Filter>
    <Filter Include="Bullet SDK">
      <UniqueIdentifier>{7c5c68d0-204f-4f6a-9238-d52a1cd6817c}</UniqueIdentifier>
    </Filter>
    <Filter Include="Shader">
      <UniqueIdentifier>{695147a3-84ac-417a-9845-b14863710cfb}</UniqueIdentifier>
    </Filter>
    <Filter Include="Help">
      <UniqueIdentifier>{f0d82384-3109-468a-b439-8bbabd31c05d}</UniqueIdentifier>
    </Filter>
    <Filter Include="Gimpact">
      <UniqueIdentifier>{5dac14a1-0b64-40a5-8927-ad769faea164}</UniqueIdentifier>
    </Filter>
    <Filter Include="ImGui">
      <UniqueIdentifier>{d865bae8-a8b3-4c46-9464-7611bd206de9}</UniqueIdentifier>
    </Filter>
    <Filter Include="Menu">
      <UniqueIdentifier>{c7dd011c-0e6e-4006-93ce-bf9fc6cfdfd9}</UniqueIdentifier>
    </Filter>
    <Filter Include="Input">
      <UniqueIdentifier>{55a3fe0f-0509-44ad-92bc-e84563752ff1}</UniqueIdentifier>
    </Filter>
    <Filter Include="Engine">
      <UniqueIdentifier>{132db05c-ec36-4c68-8f5e-bd2be05f2058}</UniqueIdentifier>
    </Filter>
  </ItemGroup>
</Project>