<?xml version="1.0" encoding="utf-8"?>
<Project ToolsVersion="4.0" xmlns="http://schemas.microsoft.com/developer/msbuild/2003">
  <ItemGroup>
    <FxCompile Include="GeometryShader.hlsl">
      <Filter>Shader</Filter>
    </FxCompile>
    <FxCompile Include="PixelShader.hlsl">
      <Filter>Shader</Filter>
    </FxCompile>
    <FxCompile Include="VertexShader.hlsl">
      <Filter>Shader</Filter>
    </FxCompile>
  </ItemGroup>
  <ItemGroup>
    <ClCompile Include="Button.cpp">
      <Filter>Source</Filter>
    </ClCompile>
    <ClCompile Include="Camera.cpp">
      <Filter>Source</Filter>
    </ClCompile>
    <ClCompile Include="ForwardShader.cpp">
      <Filter>Shader</Filter>
    </ClCompile>
    <ClCompile Include="GameObject.cpp">
      <Filter>Source</Filter>
    </ClCompile>
    <ClCompile Include="GraphicsDevice.cpp">
      <Filter>Source</Filter>
    </ClCompile>
    <ClCompile Include="GuiBase.cpp">
      <Filter>Source</Filter>
    </ClCompile>
    <ClCompile Include="imgui\imgui.cpp">
      <Filter>Imgui</Filter>
    </ClCompile>
    <ClCompile Include="imgui\imgui_demo.cpp">
      <Filter>Imgui</Filter>
    </ClCompile>
    <ClCompile Include="imgui\imgui_draw.cpp">
      <Filter>Imgui</Filter>
    </ClCompile>
    <ClCompile Include="imgui\imgui_impl_dx11.cpp">
      <Filter>Imgui</Filter>
    </ClCompile>
    <ClCompile Include="imgui\imgui_impl_win32.cpp">
      <Filter>Imgui</Filter>
    </ClCompile>
    <ClCompile Include="imgui\imgui_widgets.cpp">
      <Filter>Imgui</Filter>
    </ClCompile>
    <ClCompile Include="InputHandler.cpp">
      <Filter>Source</Filter>
    </ClCompile>
    <ClCompile Include="Keyboard.cpp">
      <Filter>Source</Filter>
    </ClCompile>
    <ClCompile Include="main.cpp">
      <Filter>Source</Filter>
    </ClCompile>
    <ClCompile Include="KeyboardEvent.cpp">
      <Filter>Source</Filter>
    </ClCompile>
    <ClCompile Include="MainGui.cpp">
      <Filter>Source</Filter>
    </ClCompile>
    <ClCompile Include="MainMenu.cpp">
      <Filter>Source</Filter>
    </ClCompile>
    <ClCompile Include="Model.cpp">
      <Filter>Source</Filter>
    </ClCompile>
    <ClCompile Include="ModelLoader.cpp">
      <Filter>Source</Filter>
    </ClCompile>
    <ClCompile Include="Mouse.cpp">
      <Filter>Source</Filter>
    </ClCompile>
    <ClCompile Include="MouseEvent.cpp">
      <Filter>Source</Filter>
    </ClCompile>
    <ClCompile Include="Shader.cpp">
      <Filter>Shader</Filter>
    </ClCompile>
    <ClCompile Include="Sprite.cpp">
      <Filter>Source</Filter>
    </ClCompile>
    <ClCompile Include="State.cpp">
      <Filter>Source</Filter>
    </ClCompile>
    <ClCompile Include="Texture.cpp">
      <Filter>Source</Filter>
    </ClCompile>
    <ClCompile Include="TextureLoad.cpp">
      <Filter>Source</Filter>
    </ClCompile>
    <ClCompile Include="Transform.cpp">
      <Filter>Source</Filter>
    </ClCompile>
    <ClCompile Include="System.cpp">
      <Filter>Source</Filter>
    </ClCompile>
    <ClCompile Include="menuItem.cpp" />
    <ClCompile Include="MenuHandler.cpp" />
  </ItemGroup>
  <ItemGroup>
    <ClInclude Include="Button.h">
      <Filter>Header</Filter>
    </ClInclude>
    <ClInclude Include="Camera.h">
      <Filter>Header</Filter>
    </ClInclude>
    <ClInclude Include="ConstantBuffer.h">
      <Filter>Header</Filter>
    </ClInclude>
    <ClInclude Include="ForwardShader.h">
      <Filter>Shader</Filter>
    </ClInclude>
    <ClInclude Include="GameObject.h">
      <Filter>Header</Filter>
    </ClInclude>
    <ClInclude Include="GameObjectHandler.h">
      <Filter>Header</Filter>
    </ClInclude>
    <ClInclude Include="GraphicsDevice.h">
      <Filter>Header</Filter>
    </ClInclude>
    <ClInclude Include="GuiBase.h">
      <Filter>Header</Filter>
    </ClInclude>
    <ClInclude Include="imgui\imconfig.h">
      <Filter>Imgui</Filter>
    </ClInclude>
    <ClInclude Include="imgui\imgui.h">
      <Filter>Imgui</Filter>
    </ClInclude>
    <ClInclude Include="imgui\imgui_impl_dx11.h">
      <Filter>Imgui</Filter>
    </ClInclude>
    <ClInclude Include="imgui\imgui_impl_win32.h">
      <Filter>Imgui</Filter>
    </ClInclude>
    <ClInclude Include="imgui\imgui_internal.h">
      <Filter>Imgui</Filter>
    </ClInclude>
    <ClInclude Include="imgui\imstb_textedit.h">
      <Filter>Imgui</Filter>
    </ClInclude>
    <ClInclude Include="imgui\imstb_rectpack.h">
      <Filter>Imgui</Filter>
    </ClInclude>
    <ClInclude Include="imgui\imstb_truetype.h">
      <Filter>Imgui</Filter>
    </ClInclude>
    <ClInclude Include="IndexBuffer.h">
      <Filter>Header</Filter>
    </ClInclude>
    <ClInclude Include="MainGui.h">
      <Filter>Header</Filter>
    </ClInclude>
    <ClInclude Include="MainMenu.h">
      <Filter>Header</Filter>
    </ClInclude>
    <ClInclude Include="Model.h">
      <Filter>Header</Filter>
    </ClInclude>
    <ClInclude Include="ModelLoader.h">
      <Filter>Header</Filter>
    </ClInclude>
    <ClInclude Include="Shader.h">
      <Filter>Shader</Filter>
    </ClInclude>
    <ClInclude Include="ShaderManager.h">
      <Filter>Shader</Filter>
    </ClInclude>
    <ClInclude Include="State.h">
      <Filter>Header</Filter>
    </ClInclude>
    <ClInclude Include="System.h">
      <Filter>Header</Filter>
    </ClInclude>
    <ClInclude Include="Texture.h">
      <Filter>Header</Filter>
    </ClInclude>
    <ClInclude Include="Structs.h">
      <Filter>Header</Filter>
    </ClInclude>
    <ClInclude Include="TextureLoad.h">
      <Filter>Header</Filter>
    </ClInclude>
    <ClInclude Include="Sprite.h">
      <Filter>Header</Filter>
    </ClInclude>
    <ClInclude Include="VertexBuffer.h">
      <Filter>Header</Filter>
    </ClInclude>
    <ClInclude Include="Transform.h">
      <Filter>Header</Filter>
    </ClInclude>
    <ClInclude Include="resource1.h">
      <Filter>Header</Filter>
    </ClInclude>
    <ClInclude Include="Keyboard.h">
      <Filter>Header\Inputs</Filter>
    </ClInclude>
    <ClInclude Include="InputHandler.h">
      <Filter>Header\Inputs</Filter>
    </ClInclude>
    <ClInclude Include="KeyboardEvent.h">
      <Filter>Header\Inputs</Filter>
    </ClInclude>
    <ClInclude Include="Mouse.h">
      <Filter>Header\Inputs</Filter>
    </ClInclude>
    <ClInclude Include="MouseEvent.h">
      <Filter>Header\Inputs</Filter>
    </ClInclude>
    <ClInclude Include="menuItem.h">
      <Filter>Header\Inputs</Filter>
    </ClInclude>
    <ClInclude Include="MenuHandler.h">
      <Filter>Header\Inputs</Filter>
    </ClInclude>
  </ItemGroup>
  <ItemGroup>
    <None Include="imgui\.gitkeep" />
    <None Include="packages.config" />
    <None Include="imgui\imgui.ini">
      <Filter>Imgui</Filter>
    </None>
  </ItemGroup>
  <ItemGroup>
    <Filter Include="Header">
      <UniqueIdentifier>{17e83671-0fac-47da-85a6-c48ad6610ed6}</UniqueIdentifier>
    </Filter>
    <Filter Include="Imgui">
      <UniqueIdentifier>{b854efaf-7558-4b44-9a48-8e6db8eb91be}</UniqueIdentifier>
    </Filter>
    <Filter Include="Shader">
      <UniqueIdentifier>{606b9e75-c291-4be7-ad96-e96bcd3cabd2}</UniqueIdentifier>
    </Filter>
    <Filter Include="Source">
      <UniqueIdentifier>{96a16eee-32fd-4f6c-b133-b37e597439e2}</UniqueIdentifier>
    </Filter>
    <Filter Include="Header\Inputs">
      <UniqueIdentifier>{5de4cfcd-92f5-462f-8203-3906849eb9f3}</UniqueIdentifier>
    </Filter>
  </ItemGroup>
</Project>