<?xml version="1.0" encoding="utf-8"?>
<Project ToolsVersion="4.0" xmlns="http://schemas.microsoft.com/developer/msbuild/2003">
  <ItemGroup>
    <FxCompile Include="GeometryShader.hlsl">
      <Filter>Shaders</Filter>
    </FxCompile>
    <FxCompile Include="PixelShader.hlsl">
      <Filter>Shaders</Filter>
    </FxCompile>
    <FxCompile Include="VertexShader.hlsl">
      <Filter>Shaders</Filter>
    </FxCompile>
  </ItemGroup>
  <ItemGroup>
    <ClCompile Include="ForwardShader.cpp">
      <Filter>Shaders</Filter>
    </ClCompile>
    <ClCompile Include="Button.cpp">
      <Filter>Source</Filter>
    </ClCompile>
    <ClCompile Include="Camera.cpp">
      <Filter>Source</Filter>
    </ClCompile>
    <ClCompile Include="GameObjectHandler.cpp">
      <Filter>Source</Filter>
    </ClCompile>
    <ClCompile Include="GraphicsDevice.cpp">
      <Filter>Source</Filter>
    </ClCompile>
    <ClCompile Include="GuiBase.cpp">
      <Filter>Source</Filter>
    </ClCompile>
    <ClCompile Include="GameObject.cpp">
      <Filter>Source</Filter>
    </ClCompile>
    <ClCompile Include="GuiElement.cpp">
      <Filter>Source</Filter>
    </ClCompile>
    <ClCompile Include="imgui\imgui_draw.cpp">
      <Filter>Imgui</Filter>
    </ClCompile>
    <ClCompile Include="imgui\imgui_impl_win32.cpp">
      <Filter>Imgui</Filter>
    </ClCompile>
    <ClCompile Include="imgui\imgui_impl_dx11.cpp">
      <Filter>Imgui</Filter>
    </ClCompile>
    <ClCompile Include="imgui\imgui.cpp">
      <Filter>Imgui</Filter>
    </ClCompile>
    <ClCompile Include="imgui\imgui_widgets.cpp">
      <Filter>Imgui</Filter>
    </ClCompile>
    <ClCompile Include="imgui\imgui_demo.cpp">
      <Filter>Imgui</Filter>
    </ClCompile>
    <ClCompile Include="main.cpp">
      <Filter>Source</Filter>
    </ClCompile>
    <ClCompile Include="MainGui.cpp">
      <Filter>Source</Filter>
    </ClCompile>
    <ClCompile Include="MainMenu.cpp">
      <Filter>Source</Filter>
    </ClCompile>
    <ClCompile Include="menuItem.cpp">
      <Filter>Source</Filter>
    </ClCompile>
    <ClCompile Include="MenuHandler.cpp">
      <Filter>Source</Filter>
    </ClCompile>
    <ClCompile Include="ModelLoader.cpp">
      <Filter>Source</Filter>
    </ClCompile>
    <ClCompile Include="Model.cpp">
      <Filter>Source</Filter>
    </ClCompile>
    <ClCompile Include="Sprite.cpp">
      <Filter>Source</Filter>
    </ClCompile>
    <ClCompile Include="State.cpp">
      <Filter>Source</Filter>
    </ClCompile>
    <ClCompile Include="System.cpp">
      <Filter>Source</Filter>
    </ClCompile>
    <ClCompile Include="TextureLoad.cpp">
      <Filter>Source</Filter>
    </ClCompile>
    <ClCompile Include="Texture.cpp">
      <Filter>Source</Filter>
    </ClCompile>
    <ClCompile Include="Transform.cpp">
      <Filter>Source</Filter>
    </ClCompile>
    <ClCompile Include="Shader.cpp">
      <Filter>Shaders</Filter>
    </ClCompile>
    <ClCompile Include="GunGameState.cpp" />
    <ClCompile Include="OptionsGui.cpp" />
    <ClCompile Include="ShaderManager.cpp">
      <Filter>Shaders</Filter>
    </ClCompile>
    <ClCompile Include="Player.cpp">
      <Filter>Source\Player</Filter>
    </ClCompile>
    <ClCompile Include="Animal.cpp">
      <Filter>Source</Filter>
    </ClCompile>
    <ClCompile Include="Bear.cpp">
      <Filter>Source</Filter>
    </ClCompile>
    <ClCompile Include="InputHandler.cpp">
      <Filter>Source</Filter>
    </ClCompile>
    <ClCompile Include="KeyboardEvent.cpp">
      <Filter>Source\Input</Filter>
    </ClCompile>
    <ClCompile Include="Keyboard.cpp">
      <Filter>Source\Input</Filter>
    </ClCompile>
    <ClCompile Include="Mouse.cpp">
      <Filter>Source\Input</Filter>
    </ClCompile>
    <ClCompile Include="MouseEvent.cpp">
      <Filter>Source\Input</Filter>
    </ClCompile>
  </ItemGroup>
  <ItemGroup>
    <ClInclude Include="Button.h">
      <Filter>Header</Filter>
    </ClInclude>
    <ClInclude Include="Camera.h">
      <Filter>Header</Filter>
    </ClInclude>
    <ClInclude Include="ConstantBuffer.h">
      <Filter>Header</Filter>
    </ClInclude>
    <ClInclude Include="GameObjectHandler.h">
      <Filter>Header</Filter>
    </ClInclude>
    <ClInclude Include="GraphicsDevice.h">
      <Filter>Header</Filter>
    </ClInclude>
    <ClInclude Include="GuiBase.h">
      <Filter>Header</Filter>
    </ClInclude>
    <ClInclude Include="ForwardShader.h">
      <Filter>Shaders</Filter>
    </ClInclude>
    <ClInclude Include="GuiElement.h">
      <Filter>Header</Filter>
    </ClInclude>
    <ClInclude Include="GameObject.h">
      <Filter>Header</Filter>
    </ClInclude>
    <ClInclude Include="imgui\imconfig.h">
      <Filter>Imgui</Filter>
    </ClInclude>
    <ClInclude Include="imgui\imgui.h">
      <Filter>Imgui</Filter>
    </ClInclude>
    <ClInclude Include="imgui\imgui_impl_dx11.h">
      <Filter>Imgui</Filter>
    </ClInclude>
    <ClInclude Include="imgui\imgui_impl_win32.h">
      <Filter>Imgui</Filter>
    </ClInclude>
    <ClInclude Include="imgui\imgui_internal.h">
      <Filter>Imgui</Filter>
    </ClInclude>
    <ClInclude Include="imgui\imstb_rectpack.h">
      <Filter>Imgui</Filter>
    </ClInclude>
    <ClInclude Include="imgui\imstb_textedit.h">
      <Filter>Imgui</Filter>
    </ClInclude>
    <ClInclude Include="imgui\imstb_truetype.h">
      <Filter>Imgui</Filter>
    </ClInclude>
    <ClInclude Include="IndexBuffer.h">
      <Filter>Header</Filter>
    </ClInclude>
    <ClInclude Include="InputHandler.h">
      <Filter>Header</Filter>
    </ClInclude>
    <ClInclude Include="MainGui.h">
      <Filter>Header</Filter>
    </ClInclude>
    <ClInclude Include="MainMenu.h">
      <Filter>Header</Filter>
    </ClInclude>
    <ClInclude Include="MenuHandler.h">
      <Filter>Header</Filter>
    </ClInclude>
    <ClInclude Include="menuItem.h">
      <Filter>Header</Filter>
    </ClInclude>
    <ClInclude Include="resource1.h">
      <Filter>Header</Filter>
    </ClInclude>
    <ClInclude Include="Model.h">
      <Filter>Header</Filter>
    </ClInclude>
    <ClInclude Include="ModelLoader.h">
      <Filter>Header</Filter>
    </ClInclude>
    <ClInclude Include="Shader.h">
      <Filter>Shaders</Filter>
    </ClInclude>
    <ClInclude Include="Texture.h">
      <Filter>Header</Filter>
    </ClInclude>
    <ClInclude Include="TextureLoad.h">
      <Filter>Header</Filter>
    </ClInclude>
    <ClInclude Include="Transform.h">
      <Filter>Header</Filter>
    </ClInclude>
    <ClInclude Include="VertexBuffer.h">
      <Filter>Header</Filter>
    </ClInclude>
    <ClInclude Include="Structs.h">
      <Filter>Header</Filter>
    </ClInclude>
    <ClInclude Include="Sprite.h">
      <Filter>Header</Filter>
    </ClInclude>
    <ClInclude Include="State.h">
      <Filter>Header</Filter>
    </ClInclude>
    <ClInclude Include="System.h">
      <Filter>Header</Filter>
    </ClInclude>
    <ClInclude Include="ShaderManager.h">
      <Filter>Shaders</Filter>
    </ClInclude>
    <ClInclude Include="GunGameState.h" />
    <ClInclude Include="OptionsGui.h" />
    <ClInclude Include="Player.h">
      <Filter>Header\Player</Filter>
    </ClInclude>
    <ClInclude Include="Animal.h">
      <Filter>Header</Filter>
    </ClInclude>
    <ClInclude Include="Bear.h">
      <Filter>Header</Filter>
    </ClInclude>
    <ClInclude Include="MouseEvent.h">
      <Filter>Header\Input</Filter>
    </ClInclude>
    <ClInclude Include="Mouse.h">
      <Filter>Header\Input</Filter>
    </ClInclude>
    <ClInclude Include="KeyboardEvent.h">
      <Filter>Header\Input</Filter>
    </ClInclude>
    <ClInclude Include="Keyboard.h">
      <Filter>Header\Input</Filter>
    </ClInclude>
  </ItemGroup>
  <ItemGroup>
    <None Include="imgui\.gitkeep" />
    <None Include="packages.config" />
    <None Include="imgui\imgui.ini">
      <Filter>Imgui</Filter>
    </None>
  </ItemGroup>
  <ItemGroup>
    <Filter Include="Shaders">
      <UniqueIdentifier>{a64cec5e-47d1-4a8b-908e-c417336cd147}</UniqueIdentifier>
    </Filter>
    <Filter Include="Header">
      <UniqueIdentifier>{57048dd2-7da7-441f-ba6c-2b72f55cd48c}</UniqueIdentifier>
    </Filter>
    <Filter Include="Source">
      <UniqueIdentifier>{3d7d75ff-0d19-4e21-8d08-d722a1f8f73e}</UniqueIdentifier>
    </Filter>
    <Filter Include="Imgui">
      <UniqueIdentifier>{3edf8ddc-9057-4b21-91a5-7435ad1a55ff}</UniqueIdentifier>
    </Filter>
    <Filter Include="Header\Player">
      <UniqueIdentifier>{f7e7ee8c-858b-485a-bff7-03b1bc00223a}</UniqueIdentifier>
    </Filter>
    <Filter Include="Source\Player">
      <UniqueIdentifier>{963984fc-c6a1-4232-94fd-f58e27e4d098}</UniqueIdentifier>
    </Filter>
    <Filter Include="Source\Input">
      <UniqueIdentifier>{2b06ee41-1863-4ed5-9fa8-b2c8c6167b6d}</UniqueIdentifier>
    </Filter>
    <Filter Include="Header\Input">
      <UniqueIdentifier>{9a18b5c1-7fa0-4f52-bd18-c233c27539aa}</UniqueIdentifier>
    </Filter>
  </ItemGroup>
</Project>